// !$*UTF8*$!
{
	archiveVersion = 1;
	classes = {
	};
	objectVersion = 46;
	objects = {

/* Begin PBXBuildFile section */
		080D5B618497B871890BA86FE371CE6F /* Foundation.framework in Frameworks */ = {isa = PBXBuildFile; fileRef = 3F9B2E024A80A62FE090406312870D33 /* Foundation.framework */; };
		10EB23E9ECC4B33E16933BB1EA560B6A /* Timeline.swift in Sources */ = {isa = PBXBuildFile; fileRef = 32F5C675E79112CDF3CA5FCD9EC46EE4 /* Timeline.swift */; };
		1B9EDEDC964E6B08F78920B4F4B9DB84 /* Alamofire-umbrella.h in Headers */ = {isa = PBXBuildFile; fileRef = 6E9E99C396739CAB34A1C10B4BBA133E /* Alamofire-umbrella.h */; settings = {ATTRIBUTES = (Public, ); }; };
		3626B94094672CB1C9DEA32B9F9502E1 /* TaskDelegate.swift in Sources */ = {isa = PBXBuildFile; fileRef = E4AA78D8740B12A1B509678701E0A656 /* TaskDelegate.swift */; };
		52AD195F551B47FF6A47D660A3291597 /* Foundation.framework in Frameworks */ = {isa = PBXBuildFile; fileRef = 3F9B2E024A80A62FE090406312870D33 /* Foundation.framework */; };
		5387216E723A3C68E851CA15573CDD71 /* Request.swift in Sources */ = {isa = PBXBuildFile; fileRef = 02B257256DB84FFAD04385CA9EEB2355 /* Request.swift */; };
		61200D01A1855D7920CEF835C8BE00B0 /* DispatchQueue+Alamofire.swift in Sources */ = {isa = PBXBuildFile; fileRef = 2F4C4C99FEB0E2C208F74E58984A518D /* DispatchQueue+Alamofire.swift */; };
		62F65AD8DC4F0F9610F4B8B4738EC094 /* ServerTrustPolicy.swift in Sources */ = {isa = PBXBuildFile; fileRef = 16315FF2016220C281F94D5EABA77728 /* ServerTrustPolicy.swift */; };
		65C60161C1CED9B2EA85F2895DC60B84 /* Alamofire.framework in Frameworks */ = {isa = PBXBuildFile; fileRef = 706C7AFFE37BA158C3553250F4B5FAED /* Alamofire.framework */; };
		7B5FE28C7EA4122B0598738E54DBEBD8 /* SessionDelegate.swift in Sources */ = {isa = PBXBuildFile; fileRef = 697F4FDC92385856E1B9B6DFCA3031F9 /* SessionDelegate.swift */; };
		7D8CC01E8C9EFFF9F4D65406CDE0AB66 /* Result.swift in Sources */ = {isa = PBXBuildFile; fileRef = 1E745E8293A74B5E3CE36CB064892A78 /* Result.swift */; };
		7EC64EA59B4546A621C6910C388218D0 /* Alamofire+Synchronous.swift in Sources */ = {isa = PBXBuildFile; fileRef = 7EFB5CB79D8359401FC11B750C1A8095 /* Alamofire+Synchronous.swift */; };
		883A837F36EB82109A3B61B385172DB0 /* Alamofire-Synchronous-umbrella.h in Headers */ = {isa = PBXBuildFile; fileRef = 50109E75B0B0019447D3B22FB43A1256 /* Alamofire-Synchronous-umbrella.h */; settings = {ATTRIBUTES = (Public, ); }; };
		89470CF80DAC8137509D5BF3D0581392 /* SWXMLHash-dummy.m in Sources */ = {isa = PBXBuildFile; fileRef = E0E72D4CA2CC71E4BC3805F3B1AB9FCE /* SWXMLHash-dummy.m */; };
		911142824841F822F92EAEAFCEC3246B /* Foundation.framework in Frameworks */ = {isa = PBXBuildFile; fileRef = 3F9B2E024A80A62FE090406312870D33 /* Foundation.framework */; };
		9ED2BB2981896E0A39EFA365503F58CE /* AFError.swift in Sources */ = {isa = PBXBuildFile; fileRef = D372C3122CE5FE2F6D8955758B8BB909 /* AFError.swift */; };
		A04BFC558D69E7DBB68023C80A9CFE4E /* Foundation.framework in Frameworks */ = {isa = PBXBuildFile; fileRef = 3F9B2E024A80A62FE090406312870D33 /* Foundation.framework */; };
		A2A6F71B727312BD45CC7A4AAD7B0AB7 /* NetworkReachabilityManager.swift in Sources */ = {isa = PBXBuildFile; fileRef = C60C34CAA35AA629C6E3B0A56766C5AE /* NetworkReachabilityManager.swift */; };
		A9EEEA7477981DEEBC72432DE9990A4B /* Alamofire-dummy.m in Sources */ = {isa = PBXBuildFile; fileRef = 18535C73FD2D8B587778D226BFEF65F5 /* Alamofire-dummy.m */; };
		AE1EF48399533730D0066E04B22CA2D6 /* SessionManager.swift in Sources */ = {isa = PBXBuildFile; fileRef = D9CA5A5A00E2A32D44410D4FA385B694 /* SessionManager.swift */; };
		B65FCF589DA398C3EFE0128064E510EC /* MultipartFormData.swift in Sources */ = {isa = PBXBuildFile; fileRef = 57B4B54AEB3CBF726E66A6450C5C2B7D /* MultipartFormData.swift */; };
		B8F1C4A2D73E71C8B96E371DB8320571 /* SWXMLHash.swift in Sources */ = {isa = PBXBuildFile; fileRef = EB5A4BF4C50E4645EAC22BA8E04DE798 /* SWXMLHash.swift */; };
		BBEFE2F9CEB73DC7BD97FFA66A0D9D4F /* Validation.swift in Sources */ = {isa = PBXBuildFile; fileRef = 930A1314530E439CCEABBAF262AD83B4 /* Validation.swift */; };
		BE5C67A07E289FE1F9BE27335B159997 /* ParameterEncoding.swift in Sources */ = {isa = PBXBuildFile; fileRef = A75DC44986E0C4A763B63639E1CB2E93 /* ParameterEncoding.swift */; };
		CA34D2530AB0898AD4529B87A084AC50 /* Pods-uusIlm-dummy.m in Sources */ = {isa = PBXBuildFile; fileRef = 38289F61C1FA727AE84B32FF2BE355AB /* Pods-uusIlm-dummy.m */; };
		CB6D60925223897FFA2662667DF83E8A /* Response.swift in Sources */ = {isa = PBXBuildFile; fileRef = C44F70BC678C69BE96DA801F4C4D8634 /* Response.swift */; };
		E031F4D9793DC5C6FE4025B4688F3E0C /* SWXMLHash-umbrella.h in Headers */ = {isa = PBXBuildFile; fileRef = 61FBB6FD3D7F9EE24D04356FF5505D38 /* SWXMLHash-umbrella.h */; settings = {ATTRIBUTES = (Public, ); }; };
		EFD264FC408EBF3BA2528E70B08DDD94 /* Notifications.swift in Sources */ = {isa = PBXBuildFile; fileRef = 128C660493259256283A6B08E0919BD3 /* Notifications.swift */; };
		F20CF7118A57F5924A5B60E7C0824D39 /* Alamofire-Synchronous-dummy.m in Sources */ = {isa = PBXBuildFile; fileRef = F57674C461922F0D1B7C8245763A0B77 /* Alamofire-Synchronous-dummy.m */; };
		F60A98EEE66B13B24A2A12E9AF18294E /* Pods-uusIlm-umbrella.h in Headers */ = {isa = PBXBuildFile; fileRef = CE0B27F96948B41C2D9BBECEECF51863 /* Pods-uusIlm-umbrella.h */; settings = {ATTRIBUTES = (Public, ); }; };
		F6BECD98B97CBFEBE2C96F0E9E72A6C0 /* ResponseSerialization.swift in Sources */ = {isa = PBXBuildFile; fileRef = 91F1BC312873CF8D79EBF9F4A1F6BA08 /* ResponseSerialization.swift */; };
		F8B3D3092ED0417E8CDF32033F6122F5 /* Alamofire.swift in Sources */ = {isa = PBXBuildFile; fileRef = B53629BE73C060AD4D25DCF7A1F9A0F2 /* Alamofire.swift */; };
		F997CA39FC95A1A84B134270A56EBA7C /* SWXMLHash+TypeConversion.swift in Sources */ = {isa = PBXBuildFile; fileRef = 933F509653B4DA950A2E41B2F551C01E /* SWXMLHash+TypeConversion.swift */; };
/* End PBXBuildFile section */

/* Begin PBXContainerItemProxy section */
		3DD8AA8C804C209B445BDE4F52B0C9A9 /* PBXContainerItemProxy */ = {
			isa = PBXContainerItemProxy;
			containerPortal = D41D8CD98F00B204E9800998ECF8427E /* Project object */;
			proxyType = 1;
			remoteGlobalIDString = EBE460D3E3A3CF1AFBBDFA387940E5E7;
			remoteInfo = "Alamofire-Synchronous";
		};
		8B192DEFBE90C8CACD194DF301B6BE3A /* PBXContainerItemProxy */ = {
			isa = PBXContainerItemProxy;
			containerPortal = D41D8CD98F00B204E9800998ECF8427E /* Project object */;
			proxyType = 1;
			remoteGlobalIDString = 310356C33C3428548F51271C08589BAF;
			remoteInfo = SWXMLHash;
		};
		8ECC15EA05C6301A322F62A64DD83BA2 /* PBXContainerItemProxy */ = {
			isa = PBXContainerItemProxy;
			containerPortal = D41D8CD98F00B204E9800998ECF8427E /* Project object */;
			proxyType = 1;
			remoteGlobalIDString = 88E9EC28B8B46C3631E6B242B50F4442;
			remoteInfo = Alamofire;
		};
		90B255C177DA95577ACB2ABEE8F3BB9C /* PBXContainerItemProxy */ = {
			isa = PBXContainerItemProxy;
			containerPortal = D41D8CD98F00B204E9800998ECF8427E /* Project object */;
			proxyType = 1;
			remoteGlobalIDString = 88E9EC28B8B46C3631E6B242B50F4442;
			remoteInfo = Alamofire;
		};
/* End PBXContainerItemProxy section */

/* Begin PBXFileReference section */
		02B257256DB84FFAD04385CA9EEB2355 /* Request.swift */ = {isa = PBXFileReference; includeInIndex = 1; lastKnownFileType = sourcecode.swift; name = Request.swift; path = Source/Request.swift; sourceTree = "<group>"; };
		07A0288DC1074F910011856884DBC24C /* SWXMLHash.framework */ = {isa = PBXFileReference; explicitFileType = wrapper.framework; includeInIndex = 0; name = SWXMLHash.framework; path = SWXMLHash.framework; sourceTree = BUILT_PRODUCTS_DIR; };
		128C660493259256283A6B08E0919BD3 /* Notifications.swift */ = {isa = PBXFileReference; includeInIndex = 1; lastKnownFileType = sourcecode.swift; name = Notifications.swift; path = Source/Notifications.swift; sourceTree = "<group>"; };
		129635A437A483EBEC26AC5423A87249 /* Alamofire.modulemap */ = {isa = PBXFileReference; includeInIndex = 1; path = Alamofire.modulemap; sourceTree = "<group>"; };
		12F9B12AB2D48A3EC38DAD6465B2FB22 /* Pods-uusIlm-frameworks.sh */ = {isa = PBXFileReference; includeInIndex = 1; lastKnownFileType = text.script.sh; path = "Pods-uusIlm-frameworks.sh"; sourceTree = "<group>"; };
		16315FF2016220C281F94D5EABA77728 /* ServerTrustPolicy.swift */ = {isa = PBXFileReference; includeInIndex = 1; lastKnownFileType = sourcecode.swift; name = ServerTrustPolicy.swift; path = Source/ServerTrustPolicy.swift; sourceTree = "<group>"; };
		18535C73FD2D8B587778D226BFEF65F5 /* Alamofire-dummy.m */ = {isa = PBXFileReference; includeInIndex = 1; lastKnownFileType = sourcecode.c.objc; path = "Alamofire-dummy.m"; sourceTree = "<group>"; };
		1E745E8293A74B5E3CE36CB064892A78 /* Result.swift */ = {isa = PBXFileReference; includeInIndex = 1; lastKnownFileType = sourcecode.swift; name = Result.swift; path = Source/Result.swift; sourceTree = "<group>"; };
		24E105E8734C60ABFE51BE86DBCDB9AE /* Alamofire.framework */ = {isa = PBXFileReference; explicitFileType = wrapper.framework; includeInIndex = 0; name = Alamofire.framework; path = Alamofire.framework; sourceTree = BUILT_PRODUCTS_DIR; };
		2F4C4C99FEB0E2C208F74E58984A518D /* DispatchQueue+Alamofire.swift */ = {isa = PBXFileReference; includeInIndex = 1; lastKnownFileType = sourcecode.swift; name = "DispatchQueue+Alamofire.swift"; path = "Source/DispatchQueue+Alamofire.swift"; sourceTree = "<group>"; };
		32F5C675E79112CDF3CA5FCD9EC46EE4 /* Timeline.swift */ = {isa = PBXFileReference; includeInIndex = 1; lastKnownFileType = sourcecode.swift; name = Timeline.swift; path = Source/Timeline.swift; sourceTree = "<group>"; };
		38289F61C1FA727AE84B32FF2BE355AB /* Pods-uusIlm-dummy.m */ = {isa = PBXFileReference; includeInIndex = 1; lastKnownFileType = sourcecode.c.objc; path = "Pods-uusIlm-dummy.m"; sourceTree = "<group>"; };
		3F9B2E024A80A62FE090406312870D33 /* Foundation.framework */ = {isa = PBXFileReference; lastKnownFileType = wrapper.framework; name = Foundation.framework; path = Platforms/iPhoneOS.platform/Developer/SDKs/iPhoneOS10.0.sdk/System/Library/Frameworks/Foundation.framework; sourceTree = DEVELOPER_DIR; };
		50109E75B0B0019447D3B22FB43A1256 /* Alamofire-Synchronous-umbrella.h */ = {isa = PBXFileReference; includeInIndex = 1; lastKnownFileType = sourcecode.c.h; path = "Alamofire-Synchronous-umbrella.h"; sourceTree = "<group>"; };
		5016D11B801E2ACE5645B25E0BD12DF4 /* Pods-uusIlm-resources.sh */ = {isa = PBXFileReference; includeInIndex = 1; lastKnownFileType = text.script.sh; path = "Pods-uusIlm-resources.sh"; sourceTree = "<group>"; };
		57B4B54AEB3CBF726E66A6450C5C2B7D /* MultipartFormData.swift */ = {isa = PBXFileReference; includeInIndex = 1; lastKnownFileType = sourcecode.swift; name = MultipartFormData.swift; path = Source/MultipartFormData.swift; sourceTree = "<group>"; };
		61FBB6FD3D7F9EE24D04356FF5505D38 /* SWXMLHash-umbrella.h */ = {isa = PBXFileReference; includeInIndex = 1; lastKnownFileType = sourcecode.c.h; path = "SWXMLHash-umbrella.h"; sourceTree = "<group>"; };
		697F4FDC92385856E1B9B6DFCA3031F9 /* SessionDelegate.swift */ = {isa = PBXFileReference; includeInIndex = 1; lastKnownFileType = sourcecode.swift; name = SessionDelegate.swift; path = Source/SessionDelegate.swift; sourceTree = "<group>"; };
		6E9E99C396739CAB34A1C10B4BBA133E /* Alamofire-umbrella.h */ = {isa = PBXFileReference; includeInIndex = 1; lastKnownFileType = sourcecode.c.h; path = "Alamofire-umbrella.h"; sourceTree = "<group>"; };
		706C7AFFE37BA158C3553250F4B5FAED /* Alamofire.framework */ = {isa = PBXFileReference; explicitFileType = wrapper.framework; includeInIndex = 0; path = Alamofire.framework; sourceTree = BUILT_PRODUCTS_DIR; };
		71CA6890E0CEB4C347AE7F1F3DBDB9F2 /* SWXMLHash.modulemap */ = {isa = PBXFileReference; includeInIndex = 1; path = SWXMLHash.modulemap; sourceTree = "<group>"; };
		71EDB3DFA33D1F3BAC386B87771A1D51 /* SWXMLHash-prefix.pch */ = {isa = PBXFileReference; includeInIndex = 1; lastKnownFileType = sourcecode.c.h; path = "SWXMLHash-prefix.pch"; sourceTree = "<group>"; };
		7685257F3628CA19BFFD7F88114F5A1F /* Alamofire-prefix.pch */ = {isa = PBXFileReference; includeInIndex = 1; lastKnownFileType = sourcecode.c.h; path = "Alamofire-prefix.pch"; sourceTree = "<group>"; };
		786302542003266F6FEFE3BDBD83B13A /* Alamofire.xcconfig */ = {isa = PBXFileReference; includeInIndex = 1; lastKnownFileType = text.xcconfig; path = Alamofire.xcconfig; sourceTree = "<group>"; };
		7EFB5CB79D8359401FC11B750C1A8095 /* Alamofire+Synchronous.swift */ = {isa = PBXFileReference; includeInIndex = 1; lastKnownFileType = sourcecode.swift; name = "Alamofire+Synchronous.swift"; path = "Source/Alamofire+Synchronous.swift"; sourceTree = "<group>"; };
		80B8179EFC1DD95FBCD7AF7581A8B256 /* Pods-uusIlm-acknowledgements.plist */ = {isa = PBXFileReference; includeInIndex = 1; lastKnownFileType = text.plist.xml; path = "Pods-uusIlm-acknowledgements.plist"; sourceTree = "<group>"; };
		8A065BA17DDCFD540ED6AA87DC492326 /* Info.plist */ = {isa = PBXFileReference; includeInIndex = 1; lastKnownFileType = text.plist.xml; path = Info.plist; sourceTree = "<group>"; };
		8DD6FB05BC5010013BC0E006058BE416 /* Alamofire-Synchronous.modulemap */ = {isa = PBXFileReference; includeInIndex = 1; path = "Alamofire-Synchronous.modulemap"; sourceTree = "<group>"; };
		91F1BC312873CF8D79EBF9F4A1F6BA08 /* ResponseSerialization.swift */ = {isa = PBXFileReference; includeInIndex = 1; lastKnownFileType = sourcecode.swift; name = ResponseSerialization.swift; path = Source/ResponseSerialization.swift; sourceTree = "<group>"; };
		930A1314530E439CCEABBAF262AD83B4 /* Validation.swift */ = {isa = PBXFileReference; includeInIndex = 1; lastKnownFileType = sourcecode.swift; name = Validation.swift; path = Source/Validation.swift; sourceTree = "<group>"; };
		933F509653B4DA950A2E41B2F551C01E /* SWXMLHash+TypeConversion.swift */ = {isa = PBXFileReference; includeInIndex = 1; lastKnownFileType = sourcecode.swift; name = "SWXMLHash+TypeConversion.swift"; path = "Source/SWXMLHash+TypeConversion.swift"; sourceTree = "<group>"; };
		93A4A3777CF96A4AAC1D13BA6DCCEA73 /* Podfile */ = {isa = PBXFileReference; explicitFileType = text.script.ruby; includeInIndex = 1; lastKnownFileType = text; name = Podfile; path = ../Podfile; sourceTree = SOURCE_ROOT; xcLanguageSpecificationIdentifier = xcode.lang.ruby; };
		9B62B977CFA5DF584244148243046938 /* Info.plist */ = {isa = PBXFileReference; includeInIndex = 1; lastKnownFileType = text.plist.xml; path = Info.plist; sourceTree = "<group>"; };
		A696E6729CA2D7EAE2AA0D39D7C4139C /* Pods-uusIlm.debug.xcconfig */ = {isa = PBXFileReference; includeInIndex = 1; lastKnownFileType = text.xcconfig; path = "Pods-uusIlm.debug.xcconfig"; sourceTree = "<group>"; };
		A75DC44986E0C4A763B63639E1CB2E93 /* ParameterEncoding.swift */ = {isa = PBXFileReference; includeInIndex = 1; lastKnownFileType = sourcecode.swift; name = ParameterEncoding.swift; path = Source/ParameterEncoding.swift; sourceTree = "<group>"; };
		AAE0FD3F7937F693C5AE38970B435276 /* Alamofire-Synchronous-prefix.pch */ = {isa = PBXFileReference; includeInIndex = 1; lastKnownFileType = sourcecode.c.h; path = "Alamofire-Synchronous-prefix.pch"; sourceTree = "<group>"; };
		B53629BE73C060AD4D25DCF7A1F9A0F2 /* Alamofire.swift */ = {isa = PBXFileReference; includeInIndex = 1; lastKnownFileType = sourcecode.swift; name = Alamofire.swift; path = Source/Alamofire.swift; sourceTree = "<group>"; };
		BE15880D93820242476044F13ECD1B70 /* Alamofire-Synchronous.xcconfig */ = {isa = PBXFileReference; includeInIndex = 1; lastKnownFileType = text.xcconfig; path = "Alamofire-Synchronous.xcconfig"; sourceTree = "<group>"; };
		C44F70BC678C69BE96DA801F4C4D8634 /* Response.swift */ = {isa = PBXFileReference; includeInIndex = 1; lastKnownFileType = sourcecode.swift; name = Response.swift; path = Source/Response.swift; sourceTree = "<group>"; };
		C60C34CAA35AA629C6E3B0A56766C5AE /* NetworkReachabilityManager.swift */ = {isa = PBXFileReference; includeInIndex = 1; lastKnownFileType = sourcecode.swift; name = NetworkReachabilityManager.swift; path = Source/NetworkReachabilityManager.swift; sourceTree = "<group>"; };
		C80C50B90256B4CA959EF6A77088DCAC /* Pods-uusIlm.release.xcconfig */ = {isa = PBXFileReference; includeInIndex = 1; lastKnownFileType = text.xcconfig; path = "Pods-uusIlm.release.xcconfig"; sourceTree = "<group>"; };
		CB46F69DA0385B83AB9043D50C2E3565 /* Alamofire_Synchronous.framework */ = {isa = PBXFileReference; explicitFileType = wrapper.framework; includeInIndex = 0; name = Alamofire_Synchronous.framework; path = "Alamofire-Synchronous.framework"; sourceTree = BUILT_PRODUCTS_DIR; };
		CE0B27F96948B41C2D9BBECEECF51863 /* Pods-uusIlm-umbrella.h */ = {isa = PBXFileReference; includeInIndex = 1; lastKnownFileType = sourcecode.c.h; path = "Pods-uusIlm-umbrella.h"; sourceTree = "<group>"; };
		D372C3122CE5FE2F6D8955758B8BB909 /* AFError.swift */ = {isa = PBXFileReference; includeInIndex = 1; lastKnownFileType = sourcecode.swift; name = AFError.swift; path = Source/AFError.swift; sourceTree = "<group>"; };
		D9CA5A5A00E2A32D44410D4FA385B694 /* SessionManager.swift */ = {isa = PBXFileReference; includeInIndex = 1; lastKnownFileType = sourcecode.swift; name = SessionManager.swift; path = Source/SessionManager.swift; sourceTree = "<group>"; };
		DA7F98974C1D9E74C915A4FB949989F3 /* Info.plist */ = {isa = PBXFileReference; includeInIndex = 1; lastKnownFileType = text.plist.xml; path = Info.plist; sourceTree = "<group>"; };
		E0E72D4CA2CC71E4BC3805F3B1AB9FCE /* SWXMLHash-dummy.m */ = {isa = PBXFileReference; includeInIndex = 1; lastKnownFileType = sourcecode.c.objc; path = "SWXMLHash-dummy.m"; sourceTree = "<group>"; };
		E32B106BF17AB299C9D0B73092C5F682 /* SWXMLHash.xcconfig */ = {isa = PBXFileReference; includeInIndex = 1; lastKnownFileType = text.xcconfig; path = SWXMLHash.xcconfig; sourceTree = "<group>"; };
		E4AA78D8740B12A1B509678701E0A656 /* TaskDelegate.swift */ = {isa = PBXFileReference; includeInIndex = 1; lastKnownFileType = sourcecode.swift; name = TaskDelegate.swift; path = Source/TaskDelegate.swift; sourceTree = "<group>"; };
		E7780CA9D54D53248D0A6C124E2FE98A /* Pods-uusIlm-acknowledgements.markdown */ = {isa = PBXFileReference; includeInIndex = 1; lastKnownFileType = text; path = "Pods-uusIlm-acknowledgements.markdown"; sourceTree = "<group>"; };
		EB5A4BF4C50E4645EAC22BA8E04DE798 /* SWXMLHash.swift */ = {isa = PBXFileReference; includeInIndex = 1; lastKnownFileType = sourcecode.swift; name = SWXMLHash.swift; path = Source/SWXMLHash.swift; sourceTree = "<group>"; };
		EBE9EFCB03F5472E75E64BE4CA0B8C70 /* Pods_uusIlm.framework */ = {isa = PBXFileReference; explicitFileType = wrapper.framework; includeInIndex = 0; name = Pods_uusIlm.framework; path = "Pods-uusIlm.framework"; sourceTree = BUILT_PRODUCTS_DIR; };
		ECA465361EEE541C70F881FDD10ED9D8 /* Info.plist */ = {isa = PBXFileReference; includeInIndex = 1; lastKnownFileType = text.plist.xml; path = Info.plist; sourceTree = "<group>"; };
		ED2EBB06334086AE61284AF52AB14580 /* Pods-uusIlm.modulemap */ = {isa = PBXFileReference; includeInIndex = 1; path = "Pods-uusIlm.modulemap"; sourceTree = "<group>"; };
		F57674C461922F0D1B7C8245763A0B77 /* Alamofire-Synchronous-dummy.m */ = {isa = PBXFileReference; includeInIndex = 1; lastKnownFileType = sourcecode.c.objc; path = "Alamofire-Synchronous-dummy.m"; sourceTree = "<group>"; };
/* End PBXFileReference section */

/* Begin PBXFrameworksBuildPhase section */
		3486E7F9CDFF05FE602B479218F3848A /* Frameworks */ = {
			isa = PBXFrameworksBuildPhase;
			buildActionMask = 2147483647;
			files = (
				52AD195F551B47FF6A47D660A3291597 /* Foundation.framework in Frameworks */,
			);
			runOnlyForDeploymentPostprocessing = 0;
		};
		8AFB61442362DD8AFEEB2EF805EC8247 /* Frameworks */ = {
			isa = PBXFrameworksBuildPhase;
			buildActionMask = 2147483647;
			files = (
				911142824841F822F92EAEAFCEC3246B /* Foundation.framework in Frameworks */,
			);
			runOnlyForDeploymentPostprocessing = 0;
		};
		99195E4207764744AEC07ECCBCD550EB /* Frameworks */ = {
			isa = PBXFrameworksBuildPhase;
			buildActionMask = 2147483647;
			files = (
				A04BFC558D69E7DBB68023C80A9CFE4E /* Foundation.framework in Frameworks */,
			);
			runOnlyForDeploymentPostprocessing = 0;
		};
		ECB46BC032195E75D5143A627E173FE5 /* Frameworks */ = {
			isa = PBXFrameworksBuildPhase;
			buildActionMask = 2147483647;
			files = (
				65C60161C1CED9B2EA85F2895DC60B84 /* Alamofire.framework in Frameworks */,
				080D5B618497B871890BA86FE371CE6F /* Foundation.framework in Frameworks */,
			);
			runOnlyForDeploymentPostprocessing = 0;
		};
/* End PBXFrameworksBuildPhase section */

/* Begin PBXGroup section */
		2E6771BE27047F53A05F4D43CA97B04B /* Support Files */ = {
			isa = PBXGroup;
			children = (
				9B62B977CFA5DF584244148243046938 /* Info.plist */,
				71CA6890E0CEB4C347AE7F1F3DBDB9F2 /* SWXMLHash.modulemap */,
				E32B106BF17AB299C9D0B73092C5F682 /* SWXMLHash.xcconfig */,
				E0E72D4CA2CC71E4BC3805F3B1AB9FCE /* SWXMLHash-dummy.m */,
				71EDB3DFA33D1F3BAC386B87771A1D51 /* SWXMLHash-prefix.pch */,
				61FBB6FD3D7F9EE24D04356FF5505D38 /* SWXMLHash-umbrella.h */,
			);
			name = "Support Files";
			path = "../Target Support Files/SWXMLHash";
			sourceTree = "<group>";
		};
		3FACBE335C4A5D609823B58133011E2E /* Pods */ = {
			isa = PBXGroup;
			children = (
				66056656AAB349C58C5006C3E8AE0FD3 /* Alamofire */,
				DAAA8B43648D508CDF2F7464648594EB /* Alamofire-Synchronous */,
				A6D06B0D1556AC1F25FC503D821BC856 /* SWXMLHash */,
			);
			name = Pods;
			sourceTree = "<group>";
		};
		59B91F212518421F271EBA85D5530651 /* Frameworks */ = {
			isa = PBXGroup;
			children = (
				706C7AFFE37BA158C3553250F4B5FAED /* Alamofire.framework */,
				7EB15E2C7EC8DD0E4C409FA3E5AC30A1 /* iOS */,
			);
			name = Frameworks;
			sourceTree = "<group>";
		};
		66056656AAB349C58C5006C3E8AE0FD3 /* Alamofire */ = {
			isa = PBXGroup;
			children = (
				D372C3122CE5FE2F6D8955758B8BB909 /* AFError.swift */,
				B53629BE73C060AD4D25DCF7A1F9A0F2 /* Alamofire.swift */,
				2F4C4C99FEB0E2C208F74E58984A518D /* DispatchQueue+Alamofire.swift */,
				57B4B54AEB3CBF726E66A6450C5C2B7D /* MultipartFormData.swift */,
				C60C34CAA35AA629C6E3B0A56766C5AE /* NetworkReachabilityManager.swift */,
				128C660493259256283A6B08E0919BD3 /* Notifications.swift */,
				A75DC44986E0C4A763B63639E1CB2E93 /* ParameterEncoding.swift */,
				02B257256DB84FFAD04385CA9EEB2355 /* Request.swift */,
				C44F70BC678C69BE96DA801F4C4D8634 /* Response.swift */,
				91F1BC312873CF8D79EBF9F4A1F6BA08 /* ResponseSerialization.swift */,
				1E745E8293A74B5E3CE36CB064892A78 /* Result.swift */,
				16315FF2016220C281F94D5EABA77728 /* ServerTrustPolicy.swift */,
				697F4FDC92385856E1B9B6DFCA3031F9 /* SessionDelegate.swift */,
				D9CA5A5A00E2A32D44410D4FA385B694 /* SessionManager.swift */,
				E4AA78D8740B12A1B509678701E0A656 /* TaskDelegate.swift */,
				32F5C675E79112CDF3CA5FCD9EC46EE4 /* Timeline.swift */,
				930A1314530E439CCEABBAF262AD83B4 /* Validation.swift */,
				E27EFCB6F078DB5A058D5295BFCCD111 /* Support Files */,
			);
			name = Alamofire;
			path = Alamofire;
			sourceTree = "<group>";
		};
		7DB346D0F39D3F0E887471402A8071AB = {
			isa = PBXGroup;
			children = (
				93A4A3777CF96A4AAC1D13BA6DCCEA73 /* Podfile */,
				59B91F212518421F271EBA85D5530651 /* Frameworks */,
				3FACBE335C4A5D609823B58133011E2E /* Pods */,
				EF8603E502C5C9DAF995A2FAA947630D /* Products */,
				A7DC5C704FB14973431A03092DBB3F5B /* Targets Support Files */,
			);
			sourceTree = "<group>";
		};
		7EB15E2C7EC8DD0E4C409FA3E5AC30A1 /* iOS */ = {
			isa = PBXGroup;
			children = (
				3F9B2E024A80A62FE090406312870D33 /* Foundation.framework */,
			);
			name = iOS;
			sourceTree = "<group>";
		};
		A6D06B0D1556AC1F25FC503D821BC856 /* SWXMLHash */ = {
			isa = PBXGroup;
			children = (
				EB5A4BF4C50E4645EAC22BA8E04DE798 /* SWXMLHash.swift */,
				933F509653B4DA950A2E41B2F551C01E /* SWXMLHash+TypeConversion.swift */,
				2E6771BE27047F53A05F4D43CA97B04B /* Support Files */,
			);
			name = SWXMLHash;
			path = SWXMLHash;
			sourceTree = "<group>";
		};
		A7DC5C704FB14973431A03092DBB3F5B /* Targets Support Files */ = {
			isa = PBXGroup;
			children = (
				F381AAF91D513EE48A39ABD6B34E67A9 /* Pods-uusIlm */,
			);
			name = "Targets Support Files";
			sourceTree = "<group>";
		};
		DAAA8B43648D508CDF2F7464648594EB /* Alamofire-Synchronous */ = {
			isa = PBXGroup;
			children = (
				7EFB5CB79D8359401FC11B750C1A8095 /* Alamofire+Synchronous.swift */,
				E5E53D685C9D632ECCF83160A98F4426 /* Support Files */,
			);
			name = "Alamofire-Synchronous";
			path = "Alamofire-Synchronous";
			sourceTree = "<group>";
		};
		E27EFCB6F078DB5A058D5295BFCCD111 /* Support Files */ = {
			isa = PBXGroup;
			children = (
				129635A437A483EBEC26AC5423A87249 /* Alamofire.modulemap */,
				786302542003266F6FEFE3BDBD83B13A /* Alamofire.xcconfig */,
				18535C73FD2D8B587778D226BFEF65F5 /* Alamofire-dummy.m */,
				7685257F3628CA19BFFD7F88114F5A1F /* Alamofire-prefix.pch */,
				6E9E99C396739CAB34A1C10B4BBA133E /* Alamofire-umbrella.h */,
				8A065BA17DDCFD540ED6AA87DC492326 /* Info.plist */,
			);
			name = "Support Files";
			path = "../Target Support Files/Alamofire";
			sourceTree = "<group>";
		};
		E5E53D685C9D632ECCF83160A98F4426 /* Support Files */ = {
			isa = PBXGroup;
			children = (
				8DD6FB05BC5010013BC0E006058BE416 /* Alamofire-Synchronous.modulemap */,
				BE15880D93820242476044F13ECD1B70 /* Alamofire-Synchronous.xcconfig */,
				F57674C461922F0D1B7C8245763A0B77 /* Alamofire-Synchronous-dummy.m */,
				AAE0FD3F7937F693C5AE38970B435276 /* Alamofire-Synchronous-prefix.pch */,
				50109E75B0B0019447D3B22FB43A1256 /* Alamofire-Synchronous-umbrella.h */,
				DA7F98974C1D9E74C915A4FB949989F3 /* Info.plist */,
			);
			name = "Support Files";
			path = "../Target Support Files/Alamofire-Synchronous";
			sourceTree = "<group>";
		};
		EF8603E502C5C9DAF995A2FAA947630D /* Products */ = {
			isa = PBXGroup;
			children = (
				24E105E8734C60ABFE51BE86DBCDB9AE /* Alamofire.framework */,
				CB46F69DA0385B83AB9043D50C2E3565 /* Alamofire_Synchronous.framework */,
				EBE9EFCB03F5472E75E64BE4CA0B8C70 /* Pods_uusIlm.framework */,
				07A0288DC1074F910011856884DBC24C /* SWXMLHash.framework */,
			);
			name = Products;
			sourceTree = "<group>";
		};
		F381AAF91D513EE48A39ABD6B34E67A9 /* Pods-uusIlm */ = {
			isa = PBXGroup;
			children = (
				ECA465361EEE541C70F881FDD10ED9D8 /* Info.plist */,
				ED2EBB06334086AE61284AF52AB14580 /* Pods-uusIlm.modulemap */,
				E7780CA9D54D53248D0A6C124E2FE98A /* Pods-uusIlm-acknowledgements.markdown */,
				80B8179EFC1DD95FBCD7AF7581A8B256 /* Pods-uusIlm-acknowledgements.plist */,
				38289F61C1FA727AE84B32FF2BE355AB /* Pods-uusIlm-dummy.m */,
				12F9B12AB2D48A3EC38DAD6465B2FB22 /* Pods-uusIlm-frameworks.sh */,
				5016D11B801E2ACE5645B25E0BD12DF4 /* Pods-uusIlm-resources.sh */,
				CE0B27F96948B41C2D9BBECEECF51863 /* Pods-uusIlm-umbrella.h */,
				A696E6729CA2D7EAE2AA0D39D7C4139C /* Pods-uusIlm.debug.xcconfig */,
				C80C50B90256B4CA959EF6A77088DCAC /* Pods-uusIlm.release.xcconfig */,
			);
			name = "Pods-uusIlm";
			path = "Target Support Files/Pods-uusIlm";
			sourceTree = "<group>";
		};
/* End PBXGroup section */

/* Begin PBXHeadersBuildPhase section */
		A399951644C7E7CA9F1987C21111C06F /* Headers */ = {
			isa = PBXHeadersBuildPhase;
			buildActionMask = 2147483647;
			files = (
				883A837F36EB82109A3B61B385172DB0 /* Alamofire-Synchronous-umbrella.h in Headers */,
			);
			runOnlyForDeploymentPostprocessing = 0;
		};
		AE53B8C8B2D21D5BF2B8321C1985FE83 /* Headers */ = {
			isa = PBXHeadersBuildPhase;
			buildActionMask = 2147483647;
			files = (
				F60A98EEE66B13B24A2A12E9AF18294E /* Pods-uusIlm-umbrella.h in Headers */,
			);
			runOnlyForDeploymentPostprocessing = 0;
		};
		B4002B6E97835FDCCAA5963EFE09A3E0 /* Headers */ = {
			isa = PBXHeadersBuildPhase;
			buildActionMask = 2147483647;
			files = (
				1B9EDEDC964E6B08F78920B4F4B9DB84 /* Alamofire-umbrella.h in Headers */,
			);
			runOnlyForDeploymentPostprocessing = 0;
		};
		E52DBC4E5D6A39C2AB26221C774068A8 /* Headers */ = {
			isa = PBXHeadersBuildPhase;
			buildActionMask = 2147483647;
			files = (
				E031F4D9793DC5C6FE4025B4688F3E0C /* SWXMLHash-umbrella.h in Headers */,
			);
			runOnlyForDeploymentPostprocessing = 0;
		};
/* End PBXHeadersBuildPhase section */

/* Begin PBXNativeTarget section */
		310356C33C3428548F51271C08589BAF /* SWXMLHash */ = {
			isa = PBXNativeTarget;
			buildConfigurationList = E2C8F97497354AC39D115305C0DE1083 /* Build configuration list for PBXNativeTarget "SWXMLHash" */;
			buildPhases = (
				2D73926DB4AA869EF1B046501C2807BB /* Sources */,
				3486E7F9CDFF05FE602B479218F3848A /* Frameworks */,
				E52DBC4E5D6A39C2AB26221C774068A8 /* Headers */,
			);
			buildRules = (
			);
			dependencies = (
			);
			name = SWXMLHash;
			productName = SWXMLHash;
			productReference = 07A0288DC1074F910011856884DBC24C /* SWXMLHash.framework */;
			productType = "com.apple.product-type.framework";
		};
		88E9EC28B8B46C3631E6B242B50F4442 /* Alamofire */ = {
			isa = PBXNativeTarget;
			buildConfigurationList = 419E5D95491847CD79841B971A8A3277 /* Build configuration list for PBXNativeTarget "Alamofire" */;
			buildPhases = (
				32B9974868188C4803318E36329C87FE /* Sources */,
				99195E4207764744AEC07ECCBCD550EB /* Frameworks */,
				B4002B6E97835FDCCAA5963EFE09A3E0 /* Headers */,
			);
			buildRules = (
			);
			dependencies = (
			);
			name = Alamofire;
			productName = Alamofire;
			productReference = 24E105E8734C60ABFE51BE86DBCDB9AE /* Alamofire.framework */;
			productType = "com.apple.product-type.framework";
		};
		89165A092B788985F6EF5B4D9F0DC95F /* Pods-uusIlm */ = {
			isa = PBXNativeTarget;
			buildConfigurationList = 762AE355F37D6F3D0C7EB30708FECD7E /* Build configuration list for PBXNativeTarget "Pods-uusIlm" */;
			buildPhases = (
				41825DB6AD6BF21A304F7229892FBD78 /* Sources */,
				8AFB61442362DD8AFEEB2EF805EC8247 /* Frameworks */,
				AE53B8C8B2D21D5BF2B8321C1985FE83 /* Headers */,
			);
			buildRules = (
			);
			dependencies = (
				8ADD4C438F6BC625965A568683DEABC5 /* PBXTargetDependency */,
				5ABB697BF44DE818A52DE6BCECEF259E /* PBXTargetDependency */,
				CCAE7575D5214D5E20D919EDC0975C19 /* PBXTargetDependency */,
			);
			name = "Pods-uusIlm";
			productName = "Pods-uusIlm";
			productReference = EBE9EFCB03F5472E75E64BE4CA0B8C70 /* Pods_uusIlm.framework */;
			productType = "com.apple.product-type.framework";
		};
		EBE460D3E3A3CF1AFBBDFA387940E5E7 /* Alamofire-Synchronous */ = {
			isa = PBXNativeTarget;
			buildConfigurationList = 828EB11C419A20D233D58318E801DAAE /* Build configuration list for PBXNativeTarget "Alamofire-Synchronous" */;
			buildPhases = (
				127C2D44AAA724B8634644DCABD04DF1 /* Sources */,
				ECB46BC032195E75D5143A627E173FE5 /* Frameworks */,
				A399951644C7E7CA9F1987C21111C06F /* Headers */,
			);
			buildRules = (
			);
			dependencies = (
				06030351E295721DAAC4F91B155FB019 /* PBXTargetDependency */,
			);
			name = "Alamofire-Synchronous";
			productName = "Alamofire-Synchronous";
			productReference = CB46F69DA0385B83AB9043D50C2E3565 /* Alamofire_Synchronous.framework */;
			productType = "com.apple.product-type.framework";
		};
/* End PBXNativeTarget section */

/* Begin PBXProject section */
		D41D8CD98F00B204E9800998ECF8427E /* Project object */ = {
			isa = PBXProject;
			attributes = {
				LastSwiftUpdateCheck = 0730;
				LastUpgradeCheck = 0700;
			};
			buildConfigurationList = 2D8E8EC45A3A1A1D94AE762CB5028504 /* Build configuration list for PBXProject "Pods" */;
			compatibilityVersion = "Xcode 3.2";
			developmentRegion = English;
			hasScannedForEncodings = 0;
			knownRegions = (
				en,
			);
			mainGroup = 7DB346D0F39D3F0E887471402A8071AB;
			productRefGroup = EF8603E502C5C9DAF995A2FAA947630D /* Products */;
			projectDirPath = "";
			projectRoot = "";
			targets = (
				88E9EC28B8B46C3631E6B242B50F4442 /* Alamofire */,
				EBE460D3E3A3CF1AFBBDFA387940E5E7 /* Alamofire-Synchronous */,
				89165A092B788985F6EF5B4D9F0DC95F /* Pods-uusIlm */,
				310356C33C3428548F51271C08589BAF /* SWXMLHash */,
			);
		};
/* End PBXProject section */

/* Begin PBXSourcesBuildPhase section */
		127C2D44AAA724B8634644DCABD04DF1 /* Sources */ = {
			isa = PBXSourcesBuildPhase;
			buildActionMask = 2147483647;
			files = (
				7EC64EA59B4546A621C6910C388218D0 /* Alamofire+Synchronous.swift in Sources */,
				F20CF7118A57F5924A5B60E7C0824D39 /* Alamofire-Synchronous-dummy.m in Sources */,
			);
			runOnlyForDeploymentPostprocessing = 0;
		};
		2D73926DB4AA869EF1B046501C2807BB /* Sources */ = {
			isa = PBXSourcesBuildPhase;
			buildActionMask = 2147483647;
			files = (
				F997CA39FC95A1A84B134270A56EBA7C /* SWXMLHash+TypeConversion.swift in Sources */,
				89470CF80DAC8137509D5BF3D0581392 /* SWXMLHash-dummy.m in Sources */,
				B8F1C4A2D73E71C8B96E371DB8320571 /* SWXMLHash.swift in Sources */,
			);
			runOnlyForDeploymentPostprocessing = 0;
		};
		32B9974868188C4803318E36329C87FE /* Sources */ = {
			isa = PBXSourcesBuildPhase;
			buildActionMask = 2147483647;
			files = (
				9ED2BB2981896E0A39EFA365503F58CE /* AFError.swift in Sources */,
				A9EEEA7477981DEEBC72432DE9990A4B /* Alamofire-dummy.m in Sources */,
				F8B3D3092ED0417E8CDF32033F6122F5 /* Alamofire.swift in Sources */,
				61200D01A1855D7920CEF835C8BE00B0 /* DispatchQueue+Alamofire.swift in Sources */,
				B65FCF589DA398C3EFE0128064E510EC /* MultipartFormData.swift in Sources */,
				A2A6F71B727312BD45CC7A4AAD7B0AB7 /* NetworkReachabilityManager.swift in Sources */,
				EFD264FC408EBF3BA2528E70B08DDD94 /* Notifications.swift in Sources */,
				BE5C67A07E289FE1F9BE27335B159997 /* ParameterEncoding.swift in Sources */,
				5387216E723A3C68E851CA15573CDD71 /* Request.swift in Sources */,
				CB6D60925223897FFA2662667DF83E8A /* Response.swift in Sources */,
				F6BECD98B97CBFEBE2C96F0E9E72A6C0 /* ResponseSerialization.swift in Sources */,
				7D8CC01E8C9EFFF9F4D65406CDE0AB66 /* Result.swift in Sources */,
				62F65AD8DC4F0F9610F4B8B4738EC094 /* ServerTrustPolicy.swift in Sources */,
				7B5FE28C7EA4122B0598738E54DBEBD8 /* SessionDelegate.swift in Sources */,
				AE1EF48399533730D0066E04B22CA2D6 /* SessionManager.swift in Sources */,
				3626B94094672CB1C9DEA32B9F9502E1 /* TaskDelegate.swift in Sources */,
				10EB23E9ECC4B33E16933BB1EA560B6A /* Timeline.swift in Sources */,
				BBEFE2F9CEB73DC7BD97FFA66A0D9D4F /* Validation.swift in Sources */,
			);
			runOnlyForDeploymentPostprocessing = 0;
		};
		41825DB6AD6BF21A304F7229892FBD78 /* Sources */ = {
			isa = PBXSourcesBuildPhase;
			buildActionMask = 2147483647;
			files = (
				CA34D2530AB0898AD4529B87A084AC50 /* Pods-uusIlm-dummy.m in Sources */,
			);
			runOnlyForDeploymentPostprocessing = 0;
		};
/* End PBXSourcesBuildPhase section */

/* Begin PBXTargetDependency section */
		06030351E295721DAAC4F91B155FB019 /* PBXTargetDependency */ = {
			isa = PBXTargetDependency;
			name = Alamofire;
			target = 88E9EC28B8B46C3631E6B242B50F4442 /* Alamofire */;
			targetProxy = 90B255C177DA95577ACB2ABEE8F3BB9C /* PBXContainerItemProxy */;
		};
		5ABB697BF44DE818A52DE6BCECEF259E /* PBXTargetDependency */ = {
			isa = PBXTargetDependency;
			name = "Alamofire-Synchronous";
			target = EBE460D3E3A3CF1AFBBDFA387940E5E7 /* Alamofire-Synchronous */;
			targetProxy = 3DD8AA8C804C209B445BDE4F52B0C9A9 /* PBXContainerItemProxy */;
		};
		8ADD4C438F6BC625965A568683DEABC5 /* PBXTargetDependency */ = {
			isa = PBXTargetDependency;
			name = Alamofire;
			target = 88E9EC28B8B46C3631E6B242B50F4442 /* Alamofire */;
			targetProxy = 8ECC15EA05C6301A322F62A64DD83BA2 /* PBXContainerItemProxy */;
		};
		CCAE7575D5214D5E20D919EDC0975C19 /* PBXTargetDependency */ = {
			isa = PBXTargetDependency;
			name = SWXMLHash;
			target = 310356C33C3428548F51271C08589BAF /* SWXMLHash */;
			targetProxy = 8B192DEFBE90C8CACD194DF301B6BE3A /* PBXContainerItemProxy */;
		};
/* End PBXTargetDependency section */

/* Begin XCBuildConfiguration section */
		0A29B6F510198AF64EFD762EF6FA97A5 /* Release */ = {
			isa = XCBuildConfiguration;
			baseConfigurationReference = 786302542003266F6FEFE3BDBD83B13A /* Alamofire.xcconfig */;
			buildSettings = {
				"CODE_SIGN_IDENTITY[sdk=appletvos*]" = "";
				"CODE_SIGN_IDENTITY[sdk=iphoneos*]" = "";
				"CODE_SIGN_IDENTITY[sdk=watchos*]" = "";
				CURRENT_PROJECT_VERSION = 1;
				DEBUG_INFORMATION_FORMAT = "dwarf-with-dsym";
				DEFINES_MODULE = YES;
				DYLIB_COMPATIBILITY_VERSION = 1;
				DYLIB_CURRENT_VERSION = 1;
				DYLIB_INSTALL_NAME_BASE = "@rpath";
				ENABLE_STRICT_OBJC_MSGSEND = YES;
				GCC_NO_COMMON_BLOCKS = YES;
				GCC_PREFIX_HEADER = "Target Support Files/Alamofire/Alamofire-prefix.pch";
				INFOPLIST_FILE = "Target Support Files/Alamofire/Info.plist";
				INSTALL_PATH = "$(LOCAL_LIBRARY_DIR)/Frameworks";
				IPHONEOS_DEPLOYMENT_TARGET = 8.0;
				LD_RUNPATH_SEARCH_PATHS = "$(inherited) @executable_path/Frameworks @loader_path/Frameworks";
				MODULEMAP_FILE = "Target Support Files/Alamofire/Alamofire.modulemap";
				MTL_ENABLE_DEBUG_INFO = NO;
				PRODUCT_NAME = Alamofire;
				SDKROOT = iphoneos;
				SKIP_INSTALL = YES;
				SWIFT_VERSION = 3.0;
				TARGETED_DEVICE_FAMILY = "1,2";
				VERSIONING_SYSTEM = "apple-generic";
				VERSION_INFO_PREFIX = "";
			};
			name = Release;
		};
		673254EEAF0B5BF4596080C749645884 /* Release */ = {
			isa = XCBuildConfiguration;
			buildSettings = {
				ALWAYS_SEARCH_USER_PATHS = NO;
				CLANG_ANALYZER_NONNULL = YES;
				CLANG_CXX_LANGUAGE_STANDARD = "gnu++0x";
				CLANG_CXX_LIBRARY = "libc++";
				CLANG_ENABLE_MODULES = YES;
				CLANG_ENABLE_OBJC_ARC = YES;
				CLANG_WARN_BOOL_CONVERSION = YES;
				CLANG_WARN_CONSTANT_CONVERSION = YES;
				CLANG_WARN_DIRECT_OBJC_ISA_USAGE = YES;
				CLANG_WARN_EMPTY_BODY = YES;
				CLANG_WARN_ENUM_CONVERSION = YES;
				CLANG_WARN_INT_CONVERSION = YES;
				CLANG_WARN_OBJC_ROOT_CLASS = YES;
				CLANG_WARN_UNREACHABLE_CODE = YES;
				CLANG_WARN__DUPLICATE_METHOD_MATCH = YES;
				CODE_SIGNING_REQUIRED = NO;
				COPY_PHASE_STRIP = YES;
				ENABLE_NS_ASSERTIONS = NO;
				GCC_C_LANGUAGE_STANDARD = gnu99;
				GCC_PREPROCESSOR_DEFINITIONS = (
					"POD_CONFIGURATION_RELEASE=1",
					"$(inherited)",
				);
				GCC_WARN_64_TO_32_BIT_CONVERSION = YES;
				GCC_WARN_ABOUT_RETURN_TYPE = YES;
				GCC_WARN_UNDECLARED_SELECTOR = YES;
				GCC_WARN_UNINITIALIZED_AUTOS = YES;
				GCC_WARN_UNUSED_FUNCTION = YES;
				GCC_WARN_UNUSED_VARIABLE = YES;
				IPHONEOS_DEPLOYMENT_TARGET = 10.2;
				PROVISIONING_PROFILE_SPECIFIER = NO_SIGNING/;
				STRIP_INSTALLED_PRODUCT = NO;
				SYMROOT = "${SRCROOT}/../build";
				VALIDATE_PRODUCT = YES;
			};
			name = Release;
		};
		75DB0A9A086A2E07D3689130DD40BAA7 /* Release */ = {
			isa = XCBuildConfiguration;
			baseConfigurationReference = BE15880D93820242476044F13ECD1B70 /* Alamofire-Synchronous.xcconfig */;
			buildSettings = {
				"CODE_SIGN_IDENTITY[sdk=appletvos*]" = "";
				"CODE_SIGN_IDENTITY[sdk=iphoneos*]" = "";
				"CODE_SIGN_IDENTITY[sdk=watchos*]" = "";
				CURRENT_PROJECT_VERSION = 1;
				DEBUG_INFORMATION_FORMAT = "dwarf-with-dsym";
				DEFINES_MODULE = YES;
				DYLIB_COMPATIBILITY_VERSION = 1;
				DYLIB_CURRENT_VERSION = 1;
				DYLIB_INSTALL_NAME_BASE = "@rpath";
				ENABLE_STRICT_OBJC_MSGSEND = YES;
				GCC_NO_COMMON_BLOCKS = YES;
				GCC_PREFIX_HEADER = "Target Support Files/Alamofire-Synchronous/Alamofire-Synchronous-prefix.pch";
				INFOPLIST_FILE = "Target Support Files/Alamofire-Synchronous/Info.plist";
				INSTALL_PATH = "$(LOCAL_LIBRARY_DIR)/Frameworks";
				IPHONEOS_DEPLOYMENT_TARGET = 9.0;
				LD_RUNPATH_SEARCH_PATHS = "$(inherited) @executable_path/Frameworks @loader_path/Frameworks";
				MODULEMAP_FILE = "Target Support Files/Alamofire-Synchronous/Alamofire-Synchronous.modulemap";
				MTL_ENABLE_DEBUG_INFO = NO;
				PRODUCT_NAME = Alamofire_Synchronous;
				SDKROOT = iphoneos;
				SKIP_INSTALL = YES;
				SWIFT_VERSION = 3.0;
				TARGETED_DEVICE_FAMILY = "1,2";
				VERSIONING_SYSTEM = "apple-generic";
				VERSION_INFO_PREFIX = "";
			};
			name = Release;
		};
		93B41131628F0C04D0DB09A6283DFC23 /* Release */ = {
			isa = XCBuildConfiguration;
			baseConfigurationReference = C80C50B90256B4CA959EF6A77088DCAC /* Pods-uusIlm.release.xcconfig */;
			buildSettings = {
				"CODE_SIGN_IDENTITY[sdk=appletvos*]" = "";
				"CODE_SIGN_IDENTITY[sdk=iphoneos*]" = "";
				"CODE_SIGN_IDENTITY[sdk=watchos*]" = "";
				CURRENT_PROJECT_VERSION = 1;
				DEBUG_INFORMATION_FORMAT = "dwarf-with-dsym";
				DEFINES_MODULE = YES;
				DYLIB_COMPATIBILITY_VERSION = 1;
				DYLIB_CURRENT_VERSION = 1;
				DYLIB_INSTALL_NAME_BASE = "@rpath";
				ENABLE_STRICT_OBJC_MSGSEND = YES;
				GCC_NO_COMMON_BLOCKS = YES;
				INFOPLIST_FILE = "Target Support Files/Pods-uusIlm/Info.plist";
				INSTALL_PATH = "$(LOCAL_LIBRARY_DIR)/Frameworks";
				IPHONEOS_DEPLOYMENT_TARGET = 10.2;
				LD_RUNPATH_SEARCH_PATHS = "$(inherited) @executable_path/Frameworks @loader_path/Frameworks";
				MACH_O_TYPE = staticlib;
				MODULEMAP_FILE = "Target Support Files/Pods-uusIlm/Pods-uusIlm.modulemap";
				MTL_ENABLE_DEBUG_INFO = NO;
				OTHER_LDFLAGS = "";
				OTHER_LIBTOOLFLAGS = "";
				PODS_ROOT = "$(SRCROOT)";
				PRODUCT_BUNDLE_IDENTIFIER = "org.cocoapods.${PRODUCT_NAME:rfc1034identifier}";
				PRODUCT_NAME = Pods_uusIlm;
				SDKROOT = iphoneos;
				SKIP_INSTALL = YES;
				TARGETED_DEVICE_FAMILY = "1,2";
				VERSIONING_SYSTEM = "apple-generic";
				VERSION_INFO_PREFIX = "";
			};
			name = Release;
		};
		94DE9725516A7FAE312E96EFE624313B /* Debug */ = {
			isa = XCBuildConfiguration;
			baseConfigurationReference = BE15880D93820242476044F13ECD1B70 /* Alamofire-Synchronous.xcconfig */;
			buildSettings = {
				"CODE_SIGN_IDENTITY[sdk=appletvos*]" = "";
				"CODE_SIGN_IDENTITY[sdk=iphoneos*]" = "";
				"CODE_SIGN_IDENTITY[sdk=watchos*]" = "";
				CURRENT_PROJECT_VERSION = 1;
				DEBUG_INFORMATION_FORMAT = dwarf;
				DEFINES_MODULE = YES;
				DYLIB_COMPATIBILITY_VERSION = 1;
				DYLIB_CURRENT_VERSION = 1;
				DYLIB_INSTALL_NAME_BASE = "@rpath";
				ENABLE_STRICT_OBJC_MSGSEND = YES;
				GCC_NO_COMMON_BLOCKS = YES;
				GCC_PREFIX_HEADER = "Target Support Files/Alamofire-Synchronous/Alamofire-Synchronous-prefix.pch";
				INFOPLIST_FILE = "Target Support Files/Alamofire-Synchronous/Info.plist";
				INSTALL_PATH = "$(LOCAL_LIBRARY_DIR)/Frameworks";
				IPHONEOS_DEPLOYMENT_TARGET = 9.0;
				LD_RUNPATH_SEARCH_PATHS = "$(inherited) @executable_path/Frameworks @loader_path/Frameworks";
				MODULEMAP_FILE = "Target Support Files/Alamofire-Synchronous/Alamofire-Synchronous.modulemap";
				MTL_ENABLE_DEBUG_INFO = YES;
				PRODUCT_NAME = Alamofire_Synchronous;
				SDKROOT = iphoneos;
				SKIP_INSTALL = YES;
				SWIFT_OPTIMIZATION_LEVEL = "-Onone";
				SWIFT_VERSION = 3.0;
				TARGETED_DEVICE_FAMILY = "1,2";
				VERSIONING_SYSTEM = "apple-generic";
				VERSION_INFO_PREFIX = "";
			};
			name = Debug;
		};
		9D56987A2E1D56315E9283667897C106 /* Release */ = {
			isa = XCBuildConfiguration;
			baseConfigurationReference = E32B106BF17AB299C9D0B73092C5F682 /* SWXMLHash.xcconfig */;
			buildSettings = {
				"CODE_SIGN_IDENTITY[sdk=appletvos*]" = "";
				"CODE_SIGN_IDENTITY[sdk=iphoneos*]" = "";
				"CODE_SIGN_IDENTITY[sdk=watchos*]" = "";
				CURRENT_PROJECT_VERSION = 1;
				DEBUG_INFORMATION_FORMAT = "dwarf-with-dsym";
				DEFINES_MODULE = YES;
				DYLIB_COMPATIBILITY_VERSION = 1;
				DYLIB_CURRENT_VERSION = 1;
				DYLIB_INSTALL_NAME_BASE = "@rpath";
				ENABLE_STRICT_OBJC_MSGSEND = YES;
				GCC_NO_COMMON_BLOCKS = YES;
				GCC_PREFIX_HEADER = "Target Support Files/SWXMLHash/SWXMLHash-prefix.pch";
				INFOPLIST_FILE = "Target Support Files/SWXMLHash/Info.plist";
				INSTALL_PATH = "$(LOCAL_LIBRARY_DIR)/Frameworks";
				IPHONEOS_DEPLOYMENT_TARGET = 8.0;
				LD_RUNPATH_SEARCH_PATHS = "$(inherited) @executable_path/Frameworks @loader_path/Frameworks";
				MODULEMAP_FILE = "Target Support Files/SWXMLHash/SWXMLHash.modulemap";
				MTL_ENABLE_DEBUG_INFO = NO;
				PRODUCT_NAME = SWXMLHash;
				SDKROOT = iphoneos;
				SKIP_INSTALL = YES;
				SWIFT_VERSION = 3.0;
				TARGETED_DEVICE_FAMILY = "1,2";
				VERSIONING_SYSTEM = "apple-generic";
				VERSION_INFO_PREFIX = "";
			};
			name = Release;
		};
		B7FEE4CA8530AC1872F2D32927B5C31C /* Debug */ = {
			isa = XCBuildConfiguration;
			baseConfigurationReference = E32B106BF17AB299C9D0B73092C5F682 /* SWXMLHash.xcconfig */;
			buildSettings = {
				"CODE_SIGN_IDENTITY[sdk=appletvos*]" = "";
				"CODE_SIGN_IDENTITY[sdk=iphoneos*]" = "";
				"CODE_SIGN_IDENTITY[sdk=watchos*]" = "";
				CURRENT_PROJECT_VERSION = 1;
				DEBUG_INFORMATION_FORMAT = dwarf;
				DEFINES_MODULE = YES;
				DYLIB_COMPATIBILITY_VERSION = 1;
				DYLIB_CURRENT_VERSION = 1;
				DYLIB_INSTALL_NAME_BASE = "@rpath";
				ENABLE_STRICT_OBJC_MSGSEND = YES;
				GCC_NO_COMMON_BLOCKS = YES;
				GCC_PREFIX_HEADER = "Target Support Files/SWXMLHash/SWXMLHash-prefix.pch";
				INFOPLIST_FILE = "Target Support Files/SWXMLHash/Info.plist";
				INSTALL_PATH = "$(LOCAL_LIBRARY_DIR)/Frameworks";
				IPHONEOS_DEPLOYMENT_TARGET = 8.0;
				LD_RUNPATH_SEARCH_PATHS = "$(inherited) @executable_path/Frameworks @loader_path/Frameworks";
				MODULEMAP_FILE = "Target Support Files/SWXMLHash/SWXMLHash.modulemap";
				MTL_ENABLE_DEBUG_INFO = YES;
				PRODUCT_NAME = SWXMLHash;
				SDKROOT = iphoneos;
				SKIP_INSTALL = YES;
				SWIFT_OPTIMIZATION_LEVEL = "-Onone";
				SWIFT_VERSION = 3.0;
				TARGETED_DEVICE_FAMILY = "1,2";
				VERSIONING_SYSTEM = "apple-generic";
				VERSION_INFO_PREFIX = "";
			};
			name = Debug;
		};
		CB90B258806050E361C07664C0354803 /* Debug */ = {
			isa = XCBuildConfiguration;
			baseConfigurationReference = A696E6729CA2D7EAE2AA0D39D7C4139C /* Pods-uusIlm.debug.xcconfig */;
			buildSettings = {
				"CODE_SIGN_IDENTITY[sdk=appletvos*]" = "";
				"CODE_SIGN_IDENTITY[sdk=iphoneos*]" = "";
				"CODE_SIGN_IDENTITY[sdk=watchos*]" = "";
				CURRENT_PROJECT_VERSION = 1;
				DEBUG_INFORMATION_FORMAT = dwarf;
				DEFINES_MODULE = YES;
				DYLIB_COMPATIBILITY_VERSION = 1;
				DYLIB_CURRENT_VERSION = 1;
				DYLIB_INSTALL_NAME_BASE = "@rpath";
				ENABLE_STRICT_OBJC_MSGSEND = YES;
				GCC_NO_COMMON_BLOCKS = YES;
				INFOPLIST_FILE = "Target Support Files/Pods-uusIlm/Info.plist";
				INSTALL_PATH = "$(LOCAL_LIBRARY_DIR)/Frameworks";
				IPHONEOS_DEPLOYMENT_TARGET = 10.2;
				LD_RUNPATH_SEARCH_PATHS = "$(inherited) @executable_path/Frameworks @loader_path/Frameworks";
				MACH_O_TYPE = staticlib;
				MODULEMAP_FILE = "Target Support Files/Pods-uusIlm/Pods-uusIlm.modulemap";
				MTL_ENABLE_DEBUG_INFO = YES;
				OTHER_LDFLAGS = "";
				OTHER_LIBTOOLFLAGS = "";
				PODS_ROOT = "$(SRCROOT)";
				PRODUCT_BUNDLE_IDENTIFIER = "org.cocoapods.${PRODUCT_NAME:rfc1034identifier}";
				PRODUCT_NAME = Pods_uusIlm;
				SDKROOT = iphoneos;
				SKIP_INSTALL = YES;
				SWIFT_OPTIMIZATION_LEVEL = "-Onone";
				TARGETED_DEVICE_FAMILY = "1,2";
				VERSIONING_SYSTEM = "apple-generic";
				VERSION_INFO_PREFIX = "";
			};
			name = Debug;
		};
		E4F26E6EB105713A6A7E7E2E283AC2DF /* Debug */ = {
			isa = XCBuildConfiguration;
			buildSettings = {
				ALWAYS_SEARCH_USER_PATHS = NO;
				CLANG_ANALYZER_NONNULL = YES;
				CLANG_CXX_LANGUAGE_STANDARD = "gnu++0x";
				CLANG_CXX_LIBRARY = "libc++";
				CLANG_ENABLE_MODULES = YES;
				CLANG_ENABLE_OBJC_ARC = YES;
				CLANG_WARN_BOOL_CONVERSION = YES;
				CLANG_WARN_CONSTANT_CONVERSION = YES;
				CLANG_WARN_DIRECT_OBJC_ISA_USAGE = YES;
				CLANG_WARN_EMPTY_BODY = YES;
				CLANG_WARN_ENUM_CONVERSION = YES;
				CLANG_WARN_INT_CONVERSION = YES;
				CLANG_WARN_OBJC_ROOT_CLASS = YES;
				CLANG_WARN_UNREACHABLE_CODE = YES;
				CLANG_WARN__DUPLICATE_METHOD_MATCH = YES;
				CODE_SIGNING_REQUIRED = NO;
				COPY_PHASE_STRIP = NO;
				ENABLE_TESTABILITY = YES;
				GCC_C_LANGUAGE_STANDARD = gnu99;
				GCC_DYNAMIC_NO_PIC = NO;
				GCC_OPTIMIZATION_LEVEL = 0;
				GCC_PREPROCESSOR_DEFINITIONS = (
					"POD_CONFIGURATION_DEBUG=1",
					"DEBUG=1",
					"$(inherited)",
				);
				GCC_SYMBOLS_PRIVATE_EXTERN = NO;
				GCC_WARN_64_TO_32_BIT_CONVERSION = YES;
				GCC_WARN_ABOUT_RETURN_TYPE = YES;
				GCC_WARN_UNDECLARED_SELECTOR = YES;
				GCC_WARN_UNINITIALIZED_AUTOS = YES;
				GCC_WARN_UNUSED_FUNCTION = YES;
				GCC_WARN_UNUSED_VARIABLE = YES;
				IPHONEOS_DEPLOYMENT_TARGET = 10.2;
				ONLY_ACTIVE_ARCH = YES;
				PROVISIONING_PROFILE_SPECIFIER = NO_SIGNING/;
				STRIP_INSTALLED_PRODUCT = NO;
				SYMROOT = "${SRCROOT}/../build";
			};
			name = Debug;
		};
		F383079BFBF927813EA3613CFB679FDE /* Debug */ = {
			isa = XCBuildConfiguration;
			baseConfigurationReference = 786302542003266F6FEFE3BDBD83B13A /* Alamofire.xcconfig */;
			buildSettings = {
				"CODE_SIGN_IDENTITY[sdk=appletvos*]" = "";
				"CODE_SIGN_IDENTITY[sdk=iphoneos*]" = "";
				"CODE_SIGN_IDENTITY[sdk=watchos*]" = "";
				CURRENT_PROJECT_VERSION = 1;
				DEBUG_INFORMATION_FORMAT = dwarf;
				DEFINES_MODULE = YES;
				DYLIB_COMPATIBILITY_VERSION = 1;
				DYLIB_CURRENT_VERSION = 1;
				DYLIB_INSTALL_NAME_BASE = "@rpath";
				ENABLE_STRICT_OBJC_MSGSEND = YES;
				GCC_NO_COMMON_BLOCKS = YES;
				GCC_PREFIX_HEADER = "Target Support Files/Alamofire/Alamofire-prefix.pch";
				INFOPLIST_FILE = "Target Support Files/Alamofire/Info.plist";
				INSTALL_PATH = "$(LOCAL_LIBRARY_DIR)/Frameworks";
				IPHONEOS_DEPLOYMENT_TARGET = 8.0;
				LD_RUNPATH_SEARCH_PATHS = "$(inherited) @executable_path/Frameworks @loader_path/Frameworks";
				MODULEMAP_FILE = "Target Support Files/Alamofire/Alamofire.modulemap";
				MTL_ENABLE_DEBUG_INFO = YES;
				PRODUCT_NAME = Alamofire;
				SDKROOT = iphoneos;
				SKIP_INSTALL = YES;
				SWIFT_OPTIMIZATION_LEVEL = "-Onone";
				SWIFT_VERSION = 3.0;
				TARGETED_DEVICE_FAMILY = "1,2";
				VERSIONING_SYSTEM = "apple-generic";
				VERSION_INFO_PREFIX = "";
			};
			name = Debug;
		};
/* End XCBuildConfiguration section */

/* Begin XCConfigurationList section */
		2D8E8EC45A3A1A1D94AE762CB5028504 /* Build configuration list for PBXProject "Pods" */ = {
			isa = XCConfigurationList;
			buildConfigurations = (
				E4F26E6EB105713A6A7E7E2E283AC2DF /* Debug */,
				673254EEAF0B5BF4596080C749645884 /* Release */,
			);
			defaultConfigurationIsVisible = 0;
			defaultConfigurationName = Release;
		};
		419E5D95491847CD79841B971A8A3277 /* Build configuration list for PBXNativeTarget "Alamofire" */ = {
			isa = XCConfigurationList;
			buildConfigurations = (
				F383079BFBF927813EA3613CFB679FDE /* Debug */,
				0A29B6F510198AF64EFD762EF6FA97A5 /* Release */,
			);
			defaultConfigurationIsVisible = 0;
			defaultConfigurationName = Release;
		};
		762AE355F37D6F3D0C7EB30708FECD7E /* Build configuration list for PBXNativeTarget "Pods-uusIlm" */ = {
			isa = XCConfigurationList;
			buildConfigurations = (
				CB90B258806050E361C07664C0354803 /* Debug */,
				93B41131628F0C04D0DB09A6283DFC23 /* Release */,
			);
			defaultConfigurationIsVisible = 0;
			defaultConfigurationName = Release;
		};
		828EB11C419A20D233D58318E801DAAE /* Build configuration list for PBXNativeTarget "Alamofire-Synchronous" */ = {
			isa = XCConfigurationList;
			buildConfigurations = (
				94DE9725516A7FAE312E96EFE624313B /* Debug */,
				75DB0A9A086A2E07D3689130DD40BAA7 /* Release */,
			);
			defaultConfigurationIsVisible = 0;
			defaultConfigurationName = Release;
		};
		E2C8F97497354AC39D115305C0DE1083 /* Build configuration list for PBXNativeTarget "SWXMLHash" */ = {
			isa = XCConfigurationList;
			buildConfigurations = (
				B7FEE4CA8530AC1872F2D32927B5C31C /* Debug */,
				9D56987A2E1D56315E9283667897C106 /* Release */,
			);
			defaultConfigurationIsVisible = 0;
			defaultConfigurationName = Release;
		};
/* End XCConfigurationList section */
	};
	rootObject = D41D8CD98F00B204E9800998ECF8427E /* Project object */;
}
