// !$*UTF8*$!
{
	archiveVersion = 1;
	classes = {
	};
	objectVersion = 46;
	objects = {

/* Begin PBXBuildFile section */
		06C8C4D9E61EC9FFA3CA65A5DD92B5CE /* Foundation.framework in Frameworks */ = {isa = PBXBuildFile; fileRef = CBB3DE36805AF21409EC968A9691732F /* Foundation.framework */; };
		10EB23E9ECC4B33E16933BB1EA560B6A /* Timeline.swift in Sources */ = {isa = PBXBuildFile; fileRef = 31C442D771A247AE8F8B75D7D1CE02E5 /* Timeline.swift */; };
		1B9EDEDC964E6B08F78920B4F4B9DB84 /* Alamofire-umbrella.h in Headers */ = {isa = PBXBuildFile; fileRef = 1F9A5EDCA1488A89F8C6E7DCACE7BCFD /* Alamofire-umbrella.h */; settings = {ATTRIBUTES = (Public, ); }; };
		29DF2BFAD24647370D4B6A458E8969CA /* Pods-uusIlm-umbrella.h in Headers */ = {isa = PBXBuildFile; fileRef = CE0B27F96948B41C2D9BBECEECF51863 /* Pods-uusIlm-umbrella.h */; settings = {ATTRIBUTES = (Public, ); }; };
		3626B94094672CB1C9DEA32B9F9502E1 /* TaskDelegate.swift in Sources */ = {isa = PBXBuildFile; fileRef = 25639B5FAC66BD3C6CA4C80B1599714A /* TaskDelegate.swift */; };
		5387216E723A3C68E851CA15573CDD71 /* Request.swift in Sources */ = {isa = PBXBuildFile; fileRef = C1BFD61FC52540A27135178DDE686A1C /* Request.swift */; };
		61200D01A1855D7920CEF835C8BE00B0 /* DispatchQueue+Alamofire.swift in Sources */ = {isa = PBXBuildFile; fileRef = 0C9FB430D9F4CCA66355C83254B7C041 /* DispatchQueue+Alamofire.swift */; };
		62F65AD8DC4F0F9610F4B8B4738EC094 /* ServerTrustPolicy.swift in Sources */ = {isa = PBXBuildFile; fileRef = F34E316B34E4695750A395370636FA50 /* ServerTrustPolicy.swift */; };
		71AFE279EFB6E212D696F416E25A569F /* Foundation.framework in Frameworks */ = {isa = PBXBuildFile; fileRef = CBB3DE36805AF21409EC968A9691732F /* Foundation.framework */; };
		7B5FE28C7EA4122B0598738E54DBEBD8 /* SessionDelegate.swift in Sources */ = {isa = PBXBuildFile; fileRef = B388734EDD5E4F33AD60005984E0867A /* SessionDelegate.swift */; };
		7D8CC01E8C9EFFF9F4D65406CDE0AB66 /* Result.swift in Sources */ = {isa = PBXBuildFile; fileRef = 5538A044407652E494F118DA54A5CE33 /* Result.swift */; };
		84A17032196D45CCC7B3126EB2EF0548 /* Pods-uusIlm-dummy.m in Sources */ = {isa = PBXBuildFile; fileRef = 38289F61C1FA727AE84B32FF2BE355AB /* Pods-uusIlm-dummy.m */; };
		86987368BFAF711882EE91CB1A4DA3EB /* SWXMLHash.swift in Sources */ = {isa = PBXBuildFile; fileRef = 266F8D216F32C7A28A252EFEF5AB4D02 /* SWXMLHash.swift */; };
		8D0140F9CC1319984D8A99E932BA4530 /* SWXMLHash-dummy.m in Sources */ = {isa = PBXBuildFile; fileRef = DB09CBD85350592B858FDF42B1A2C0C4 /* SWXMLHash-dummy.m */; };
		955BA1837CFB07A69941892E3B0065F5 /* SWXMLHash-umbrella.h in Headers */ = {isa = PBXBuildFile; fileRef = 20C04E5F2054510C4847918A84DA0778 /* SWXMLHash-umbrella.h */; settings = {ATTRIBUTES = (Public, ); }; };
		9ED2BB2981896E0A39EFA365503F58CE /* AFError.swift in Sources */ = {isa = PBXBuildFile; fileRef = D538909FF4B7B1DB51B77028D1D6B07D /* AFError.swift */; };
		A04BFC558D69E7DBB68023C80A9CFE4E /* Foundation.framework in Frameworks */ = {isa = PBXBuildFile; fileRef = CBB3DE36805AF21409EC968A9691732F /* Foundation.framework */; };
		A2A6F71B727312BD45CC7A4AAD7B0AB7 /* NetworkReachabilityManager.swift in Sources */ = {isa = PBXBuildFile; fileRef = 4A0B585534B0779266A8149A9007FE07 /* NetworkReachabilityManager.swift */; };
		A9EEEA7477981DEEBC72432DE9990A4B /* Alamofire-dummy.m in Sources */ = {isa = PBXBuildFile; fileRef = 35FB44F6A4B7E1412C889722CB2DCC38 /* Alamofire-dummy.m */; };
		AE1EF48399533730D0066E04B22CA2D6 /* SessionManager.swift in Sources */ = {isa = PBXBuildFile; fileRef = 4A4059F2FFB7B431E5FF07869EB50C8B /* SessionManager.swift */; };
		B65FCF589DA398C3EFE0128064E510EC /* MultipartFormData.swift in Sources */ = {isa = PBXBuildFile; fileRef = 554068F997A392D34C6E6E0F5BC8F8F4 /* MultipartFormData.swift */; };
		BBEFE2F9CEB73DC7BD97FFA66A0D9D4F /* Validation.swift in Sources */ = {isa = PBXBuildFile; fileRef = 0267AC2B16FF44CA1786B88242581932 /* Validation.swift */; };
		BE5C67A07E289FE1F9BE27335B159997 /* ParameterEncoding.swift in Sources */ = {isa = PBXBuildFile; fileRef = 8686F018E5570774B79E94A44089F41D /* ParameterEncoding.swift */; };
		CB6D60925223897FFA2662667DF83E8A /* Response.swift in Sources */ = {isa = PBXBuildFile; fileRef = D4DB4118BF3D6B0E079C8EF805986D0C /* Response.swift */; };
		DE6E4E32BA1684315D0C26E15D3CA9F0 /* SWXMLHash+TypeConversion.swift in Sources */ = {isa = PBXBuildFile; fileRef = 2A7102653EF41BB19561527392043BD4 /* SWXMLHash+TypeConversion.swift */; };
		EFD264FC408EBF3BA2528E70B08DDD94 /* Notifications.swift in Sources */ = {isa = PBXBuildFile; fileRef = EAC78E9D40FFDDF7CCF0EBEF568ED6C0 /* Notifications.swift */; };
		F6BECD98B97CBFEBE2C96F0E9E72A6C0 /* ResponseSerialization.swift in Sources */ = {isa = PBXBuildFile; fileRef = 17C7F6A4FAEBD239938B452C2A3AF8AB /* ResponseSerialization.swift */; };
		F8B3D3092ED0417E8CDF32033F6122F5 /* Alamofire.swift in Sources */ = {isa = PBXBuildFile; fileRef = 5FB0410A2C8CA35D64AFDC1FFE870FAC /* Alamofire.swift */; };
/* End PBXBuildFile section */

/* Begin PBXContainerItemProxy section */
		85D3D0E95081D3D840B0BB93D9419004 /* PBXContainerItemProxy */ = {
			isa = PBXContainerItemProxy;
			containerPortal = D41D8CD98F00B204E9800998ECF8427E /* Project object */;
			proxyType = 1;
			remoteGlobalIDString = 88E9EC28B8B46C3631E6B242B50F4442;
			remoteInfo = Alamofire;
		};
		9D540EE3EE306B9A502C507E2F38807C /* PBXContainerItemProxy */ = {
			isa = PBXContainerItemProxy;
			containerPortal = D41D8CD98F00B204E9800998ECF8427E /* Project object */;
			proxyType = 1;
			remoteGlobalIDString = 64430419CB6DE3417886E1D37850DC0D;
			remoteInfo = SWXMLHash;
		};
/* End PBXContainerItemProxy section */

/* Begin PBXFileReference section */
		0267AC2B16FF44CA1786B88242581932 /* Validation.swift */ = {isa = PBXFileReference; includeInIndex = 1; lastKnownFileType = sourcecode.swift; name = Validation.swift; path = Source/Validation.swift; sourceTree = "<group>"; };
		0C9FB430D9F4CCA66355C83254B7C041 /* DispatchQueue+Alamofire.swift */ = {isa = PBXFileReference; includeInIndex = 1; lastKnownFileType = sourcecode.swift; name = "DispatchQueue+Alamofire.swift"; path = "Source/DispatchQueue+Alamofire.swift"; sourceTree = "<group>"; };
		12F9B12AB2D48A3EC38DAD6465B2FB22 /* Pods-uusIlm-frameworks.sh */ = {isa = PBXFileReference; includeInIndex = 1; lastKnownFileType = text.script.sh; path = "Pods-uusIlm-frameworks.sh"; sourceTree = "<group>"; };
		17C7F6A4FAEBD239938B452C2A3AF8AB /* ResponseSerialization.swift */ = {isa = PBXFileReference; includeInIndex = 1; lastKnownFileType = sourcecode.swift; name = ResponseSerialization.swift; path = Source/ResponseSerialization.swift; sourceTree = "<group>"; };
		1F9A5EDCA1488A89F8C6E7DCACE7BCFD /* Alamofire-umbrella.h */ = {isa = PBXFileReference; includeInIndex = 1; lastKnownFileType = sourcecode.c.h; path = "Alamofire-umbrella.h"; sourceTree = "<group>"; };
		20C04E5F2054510C4847918A84DA0778 /* SWXMLHash-umbrella.h */ = {isa = PBXFileReference; includeInIndex = 1; lastKnownFileType = sourcecode.c.h; path = "SWXMLHash-umbrella.h"; sourceTree = "<group>"; };
		25639B5FAC66BD3C6CA4C80B1599714A /* TaskDelegate.swift */ = {isa = PBXFileReference; includeInIndex = 1; lastKnownFileType = sourcecode.swift; name = TaskDelegate.swift; path = Source/TaskDelegate.swift; sourceTree = "<group>"; };
		266F8D216F32C7A28A252EFEF5AB4D02 /* SWXMLHash.swift */ = {isa = PBXFileReference; includeInIndex = 1; lastKnownFileType = sourcecode.swift; name = SWXMLHash.swift; path = Source/SWXMLHash.swift; sourceTree = "<group>"; };
		2A7102653EF41BB19561527392043BD4 /* SWXMLHash+TypeConversion.swift */ = {isa = PBXFileReference; includeInIndex = 1; lastKnownFileType = sourcecode.swift; name = "SWXMLHash+TypeConversion.swift"; path = "Source/SWXMLHash+TypeConversion.swift"; sourceTree = "<group>"; };
		2DEF2492B03D676EC1107CBB64AD3FA6 /* Pods_uusIlm.framework */ = {isa = PBXFileReference; explicitFileType = wrapper.framework; includeInIndex = 0; name = Pods_uusIlm.framework; path = "Pods-uusIlm.framework"; sourceTree = BUILT_PRODUCTS_DIR; };
		30E2C03A504958A52DEFBB4FAE007919 /* Alamofire-prefix.pch */ = {isa = PBXFileReference; includeInIndex = 1; lastKnownFileType = sourcecode.c.h; path = "Alamofire-prefix.pch"; sourceTree = "<group>"; };
		31C442D771A247AE8F8B75D7D1CE02E5 /* Timeline.swift */ = {isa = PBXFileReference; includeInIndex = 1; lastKnownFileType = sourcecode.swift; name = Timeline.swift; path = Source/Timeline.swift; sourceTree = "<group>"; };
		35FB44F6A4B7E1412C889722CB2DCC38 /* Alamofire-dummy.m */ = {isa = PBXFileReference; includeInIndex = 1; lastKnownFileType = sourcecode.c.objc; path = "Alamofire-dummy.m"; sourceTree = "<group>"; };
		38289F61C1FA727AE84B32FF2BE355AB /* Pods-uusIlm-dummy.m */ = {isa = PBXFileReference; includeInIndex = 1; lastKnownFileType = sourcecode.c.objc; path = "Pods-uusIlm-dummy.m"; sourceTree = "<group>"; };
		4A0B585534B0779266A8149A9007FE07 /* NetworkReachabilityManager.swift */ = {isa = PBXFileReference; includeInIndex = 1; lastKnownFileType = sourcecode.swift; name = NetworkReachabilityManager.swift; path = Source/NetworkReachabilityManager.swift; sourceTree = "<group>"; };
		4A4059F2FFB7B431E5FF07869EB50C8B /* SessionManager.swift */ = {isa = PBXFileReference; includeInIndex = 1; lastKnownFileType = sourcecode.swift; name = SessionManager.swift; path = Source/SessionManager.swift; sourceTree = "<group>"; };
		5016D11B801E2ACE5645B25E0BD12DF4 /* Pods-uusIlm-resources.sh */ = {isa = PBXFileReference; includeInIndex = 1; lastKnownFileType = text.script.sh; path = "Pods-uusIlm-resources.sh"; sourceTree = "<group>"; };
		54F786710FBEFFA899C2130084FAD45B /* SWXMLHash.framework */ = {isa = PBXFileReference; explicitFileType = wrapper.framework; includeInIndex = 0; name = SWXMLHash.framework; path = SWXMLHash.framework; sourceTree = BUILT_PRODUCTS_DIR; };
		5538A044407652E494F118DA54A5CE33 /* Result.swift */ = {isa = PBXFileReference; includeInIndex = 1; lastKnownFileType = sourcecode.swift; name = Result.swift; path = Source/Result.swift; sourceTree = "<group>"; };
		554068F997A392D34C6E6E0F5BC8F8F4 /* MultipartFormData.swift */ = {isa = PBXFileReference; includeInIndex = 1; lastKnownFileType = sourcecode.swift; name = MultipartFormData.swift; path = Source/MultipartFormData.swift; sourceTree = "<group>"; };
		5F99B9D9E6714B0BD4619393973C08E9 /* SWXMLHash-prefix.pch */ = {isa = PBXFileReference; includeInIndex = 1; lastKnownFileType = sourcecode.c.h; path = "SWXMLHash-prefix.pch"; sourceTree = "<group>"; };
		5FB0410A2C8CA35D64AFDC1FFE870FAC /* Alamofire.swift */ = {isa = PBXFileReference; includeInIndex = 1; lastKnownFileType = sourcecode.swift; name = Alamofire.swift; path = Source/Alamofire.swift; sourceTree = "<group>"; };
		6A0778B3BE95CA4776D1DCD7FE9EFDFA /* Alamofire.modulemap */ = {isa = PBXFileReference; includeInIndex = 1; path = Alamofire.modulemap; sourceTree = "<group>"; };
		80B8179EFC1DD95FBCD7AF7581A8B256 /* Pods-uusIlm-acknowledgements.plist */ = {isa = PBXFileReference; includeInIndex = 1; lastKnownFileType = text.plist.xml; path = "Pods-uusIlm-acknowledgements.plist"; sourceTree = "<group>"; };
		83E0161B8F61FA6139988DF638DC3BF1 /* SWXMLHash.modulemap */ = {isa = PBXFileReference; includeInIndex = 1; path = SWXMLHash.modulemap; sourceTree = "<group>"; };
		8686F018E5570774B79E94A44089F41D /* ParameterEncoding.swift */ = {isa = PBXFileReference; includeInIndex = 1; lastKnownFileType = sourcecode.swift; name = ParameterEncoding.swift; path = Source/ParameterEncoding.swift; sourceTree = "<group>"; };
		91BCB00A8D1A732DFDA4D6F2B299B7AE /* Info.plist */ = {isa = PBXFileReference; includeInIndex = 1; lastKnownFileType = text.plist.xml; path = Info.plist; sourceTree = "<group>"; };
		93A4A3777CF96A4AAC1D13BA6DCCEA73 /* Podfile */ = {isa = PBXFileReference; explicitFileType = text.script.ruby; includeInIndex = 1; lastKnownFileType = text; name = Podfile; path = ../Podfile; sourceTree = SOURCE_ROOT; xcLanguageSpecificationIdentifier = xcode.lang.ruby; };
		A283DA1AAEF34A8C93265D0B5874382B /* SWXMLHash.xcconfig */ = {isa = PBXFileReference; includeInIndex = 1; lastKnownFileType = text.xcconfig; path = SWXMLHash.xcconfig; sourceTree = "<group>"; };
		A696E6729CA2D7EAE2AA0D39D7C4139C /* Pods-uusIlm.debug.xcconfig */ = {isa = PBXFileReference; includeInIndex = 1; lastKnownFileType = text.xcconfig; path = "Pods-uusIlm.debug.xcconfig"; sourceTree = "<group>"; };
		A7BB6A731D8C8FD0CA7C87082BDEB476 /* Alamofire.framework */ = {isa = PBXFileReference; explicitFileType = wrapper.framework; includeInIndex = 0; name = Alamofire.framework; path = Alamofire.framework; sourceTree = BUILT_PRODUCTS_DIR; };
		B388734EDD5E4F33AD60005984E0867A /* SessionDelegate.swift */ = {isa = PBXFileReference; includeInIndex = 1; lastKnownFileType = sourcecode.swift; name = SessionDelegate.swift; path = Source/SessionDelegate.swift; sourceTree = "<group>"; };
		C1BFD61FC52540A27135178DDE686A1C /* Request.swift */ = {isa = PBXFileReference; includeInIndex = 1; lastKnownFileType = sourcecode.swift; name = Request.swift; path = Source/Request.swift; sourceTree = "<group>"; };
		C80C50B90256B4CA959EF6A77088DCAC /* Pods-uusIlm.release.xcconfig */ = {isa = PBXFileReference; includeInIndex = 1; lastKnownFileType = text.xcconfig; path = "Pods-uusIlm.release.xcconfig"; sourceTree = "<group>"; };
		CBB3DE36805AF21409EC968A9691732F /* Foundation.framework */ = {isa = PBXFileReference; lastKnownFileType = wrapper.framework; name = Foundation.framework; path = Platforms/iPhoneOS.platform/Developer/SDKs/iPhoneOS10.0.sdk/System/Library/Frameworks/Foundation.framework; sourceTree = DEVELOPER_DIR; };
		CE0B27F96948B41C2D9BBECEECF51863 /* Pods-uusIlm-umbrella.h */ = {isa = PBXFileReference; includeInIndex = 1; lastKnownFileType = sourcecode.c.h; path = "Pods-uusIlm-umbrella.h"; sourceTree = "<group>"; };
		D4DB4118BF3D6B0E079C8EF805986D0C /* Response.swift */ = {isa = PBXFileReference; includeInIndex = 1; lastKnownFileType = sourcecode.swift; name = Response.swift; path = Source/Response.swift; sourceTree = "<group>"; };
		D538909FF4B7B1DB51B77028D1D6B07D /* AFError.swift */ = {isa = PBXFileReference; includeInIndex = 1; lastKnownFileType = sourcecode.swift; name = AFError.swift; path = Source/AFError.swift; sourceTree = "<group>"; };
		DB09CBD85350592B858FDF42B1A2C0C4 /* SWXMLHash-dummy.m */ = {isa = PBXFileReference; includeInIndex = 1; lastKnownFileType = sourcecode.c.objc; path = "SWXMLHash-dummy.m"; sourceTree = "<group>"; };
		E7780CA9D54D53248D0A6C124E2FE98A /* Pods-uusIlm-acknowledgements.markdown */ = {isa = PBXFileReference; includeInIndex = 1; lastKnownFileType = text; path = "Pods-uusIlm-acknowledgements.markdown"; sourceTree = "<group>"; };
		EAC78E9D40FFDDF7CCF0EBEF568ED6C0 /* Notifications.swift */ = {isa = PBXFileReference; includeInIndex = 1; lastKnownFileType = sourcecode.swift; name = Notifications.swift; path = Source/Notifications.swift; sourceTree = "<group>"; };
		EC6F1CC18CFE08B37D8BF1683C716A92 /* Info.plist */ = {isa = PBXFileReference; includeInIndex = 1; lastKnownFileType = text.plist.xml; path = Info.plist; sourceTree = "<group>"; };
		ECA465361EEE541C70F881FDD10ED9D8 /* Info.plist */ = {isa = PBXFileReference; includeInIndex = 1; lastKnownFileType = text.plist.xml; path = Info.plist; sourceTree = "<group>"; };
		ED2EBB06334086AE61284AF52AB14580 /* Pods-uusIlm.modulemap */ = {isa = PBXFileReference; includeInIndex = 1; path = "Pods-uusIlm.modulemap"; sourceTree = "<group>"; };
		F34E316B34E4695750A395370636FA50 /* ServerTrustPolicy.swift */ = {isa = PBXFileReference; includeInIndex = 1; lastKnownFileType = sourcecode.swift; name = ServerTrustPolicy.swift; path = Source/ServerTrustPolicy.swift; sourceTree = "<group>"; };
		FB6941F395ABFCA36FE24FE165D43B21 /* Alamofire.xcconfig */ = {isa = PBXFileReference; includeInIndex = 1; lastKnownFileType = text.xcconfig; path = Alamofire.xcconfig; sourceTree = "<group>"; };
/* End PBXFileReference section */

/* Begin PBXFrameworksBuildPhase section */
		30C25E628152A436354561DB2D5FF255 /* Frameworks */ = {
			isa = PBXFrameworksBuildPhase;
			buildActionMask = 2147483647;
			files = (
				71AFE279EFB6E212D696F416E25A569F /* Foundation.framework in Frameworks */,
			);
			runOnlyForDeploymentPostprocessing = 0;
		};
		99195E4207764744AEC07ECCBCD550EB /* Frameworks */ = {
			isa = PBXFrameworksBuildPhase;
			buildActionMask = 2147483647;
			files = (
				A04BFC558D69E7DBB68023C80A9CFE4E /* Foundation.framework in Frameworks */,
			);
			runOnlyForDeploymentPostprocessing = 0;
		};
		A7ABBFDD0C536540CBF77FBC0208AAEA /* Frameworks */ = {
			isa = PBXFrameworksBuildPhase;
			buildActionMask = 2147483647;
			files = (
				06C8C4D9E61EC9FFA3CA65A5DD92B5CE /* Foundation.framework in Frameworks */,
			);
			runOnlyForDeploymentPostprocessing = 0;
		};
/* End PBXFrameworksBuildPhase section */

/* Begin PBXGroup section */
		7531C8F8DE19F1AA3C8A7AC97A91DC29 /* iOS */ = {
			isa = PBXGroup;
			children = (
				CBB3DE36805AF21409EC968A9691732F /* Foundation.framework */,
			);
			name = iOS;
			sourceTree = "<group>";
		};
		7DB346D0F39D3F0E887471402A8071AB = {
			isa = PBXGroup;
			children = (
				93A4A3777CF96A4AAC1D13BA6DCCEA73 /* Podfile */,
				BC3CA7F9E30CC8F7E2DD044DD34432FC /* Frameworks */,
				B9524EA12B3AAB23F3D155C546B98F22 /* Pods */,
				C026CE6C055EA688895DB0088454460C /* Products */,
				A7DC5C704FB14973431A03092DBB3F5B /* Targets Support Files */,
			);
			sourceTree = "<group>";
		};
		89872634C203CDC2CE230848834A26BD /* Alamofire */ = {
			isa = PBXGroup;
			children = (
				D538909FF4B7B1DB51B77028D1D6B07D /* AFError.swift */,
				5FB0410A2C8CA35D64AFDC1FFE870FAC /* Alamofire.swift */,
				0C9FB430D9F4CCA66355C83254B7C041 /* DispatchQueue+Alamofire.swift */,
				554068F997A392D34C6E6E0F5BC8F8F4 /* MultipartFormData.swift */,
				4A0B585534B0779266A8149A9007FE07 /* NetworkReachabilityManager.swift */,
				EAC78E9D40FFDDF7CCF0EBEF568ED6C0 /* Notifications.swift */,
				8686F018E5570774B79E94A44089F41D /* ParameterEncoding.swift */,
				C1BFD61FC52540A27135178DDE686A1C /* Request.swift */,
				D4DB4118BF3D6B0E079C8EF805986D0C /* Response.swift */,
				17C7F6A4FAEBD239938B452C2A3AF8AB /* ResponseSerialization.swift */,
				5538A044407652E494F118DA54A5CE33 /* Result.swift */,
				F34E316B34E4695750A395370636FA50 /* ServerTrustPolicy.swift */,
				B388734EDD5E4F33AD60005984E0867A /* SessionDelegate.swift */,
				4A4059F2FFB7B431E5FF07869EB50C8B /* SessionManager.swift */,
				25639B5FAC66BD3C6CA4C80B1599714A /* TaskDelegate.swift */,
				31C442D771A247AE8F8B75D7D1CE02E5 /* Timeline.swift */,
				0267AC2B16FF44CA1786B88242581932 /* Validation.swift */,
				AB30988A1C82938A26535DE8BCF4871D /* Support Files */,
			);
			name = Alamofire;
			path = Alamofire;
			sourceTree = "<group>";
		};
		9B716F86138EBA4E48C3B60071A900C1 /* SWXMLHash */ = {
			isa = PBXGroup;
			children = (
				266F8D216F32C7A28A252EFEF5AB4D02 /* SWXMLHash.swift */,
				2A7102653EF41BB19561527392043BD4 /* SWXMLHash+TypeConversion.swift */,
				C09800C71C59C40EC9D1F47EF665CE67 /* Support Files */,
			);
			name = SWXMLHash;
			path = SWXMLHash;
			sourceTree = "<group>";
		};
		A7DC5C704FB14973431A03092DBB3F5B /* Targets Support Files */ = {
			isa = PBXGroup;
			children = (
				F381AAF91D513EE48A39ABD6B34E67A9 /* Pods-uusIlm */,
			);
			name = "Targets Support Files";
			sourceTree = "<group>";
		};
		AB30988A1C82938A26535DE8BCF4871D /* Support Files */ = {
			isa = PBXGroup;
			children = (
				6A0778B3BE95CA4776D1DCD7FE9EFDFA /* Alamofire.modulemap */,
				FB6941F395ABFCA36FE24FE165D43B21 /* Alamofire.xcconfig */,
				35FB44F6A4B7E1412C889722CB2DCC38 /* Alamofire-dummy.m */,
				30E2C03A504958A52DEFBB4FAE007919 /* Alamofire-prefix.pch */,
				1F9A5EDCA1488A89F8C6E7DCACE7BCFD /* Alamofire-umbrella.h */,
				EC6F1CC18CFE08B37D8BF1683C716A92 /* Info.plist */,
			);
			name = "Support Files";
			path = "../Target Support Files/Alamofire";
			sourceTree = "<group>";
		};
		B9524EA12B3AAB23F3D155C546B98F22 /* Pods */ = {
			isa = PBXGroup;
			children = (
				89872634C203CDC2CE230848834A26BD /* Alamofire */,
				9B716F86138EBA4E48C3B60071A900C1 /* SWXMLHash */,
			);
			name = Pods;
			sourceTree = "<group>";
		};
		BC3CA7F9E30CC8F7E2DD044DD34432FC /* Frameworks */ = {
			isa = PBXGroup;
			children = (
				7531C8F8DE19F1AA3C8A7AC97A91DC29 /* iOS */,
			);
			name = Frameworks;
			sourceTree = "<group>";
		};
		C026CE6C055EA688895DB0088454460C /* Products */ = {
			isa = PBXGroup;
			children = (
				A7BB6A731D8C8FD0CA7C87082BDEB476 /* Alamofire.framework */,
				2DEF2492B03D676EC1107CBB64AD3FA6 /* Pods_uusIlm.framework */,
				54F786710FBEFFA899C2130084FAD45B /* SWXMLHash.framework */,
			);
			name = Products;
			sourceTree = "<group>";
		};
		C09800C71C59C40EC9D1F47EF665CE67 /* Support Files */ = {
			isa = PBXGroup;
			children = (
				91BCB00A8D1A732DFDA4D6F2B299B7AE /* Info.plist */,
				83E0161B8F61FA6139988DF638DC3BF1 /* SWXMLHash.modulemap */,
				A283DA1AAEF34A8C93265D0B5874382B /* SWXMLHash.xcconfig */,
				DB09CBD85350592B858FDF42B1A2C0C4 /* SWXMLHash-dummy.m */,
				5F99B9D9E6714B0BD4619393973C08E9 /* SWXMLHash-prefix.pch */,
				20C04E5F2054510C4847918A84DA0778 /* SWXMLHash-umbrella.h */,
			);
			name = "Support Files";
			path = "../Target Support Files/SWXMLHash";
			sourceTree = "<group>";
		};
		F381AAF91D513EE48A39ABD6B34E67A9 /* Pods-uusIlm */ = {
			isa = PBXGroup;
			children = (
				ECA465361EEE541C70F881FDD10ED9D8 /* Info.plist */,
				ED2EBB06334086AE61284AF52AB14580 /* Pods-uusIlm.modulemap */,
				E7780CA9D54D53248D0A6C124E2FE98A /* Pods-uusIlm-acknowledgements.markdown */,
				80B8179EFC1DD95FBCD7AF7581A8B256 /* Pods-uusIlm-acknowledgements.plist */,
				38289F61C1FA727AE84B32FF2BE355AB /* Pods-uusIlm-dummy.m */,
				12F9B12AB2D48A3EC38DAD6465B2FB22 /* Pods-uusIlm-frameworks.sh */,
				5016D11B801E2ACE5645B25E0BD12DF4 /* Pods-uusIlm-resources.sh */,
				CE0B27F96948B41C2D9BBECEECF51863 /* Pods-uusIlm-umbrella.h */,
				A696E6729CA2D7EAE2AA0D39D7C4139C /* Pods-uusIlm.debug.xcconfig */,
				C80C50B90256B4CA959EF6A77088DCAC /* Pods-uusIlm.release.xcconfig */,
			);
			name = "Pods-uusIlm";
			path = "Target Support Files/Pods-uusIlm";
			sourceTree = "<group>";
		};
/* End PBXGroup section */

/* Begin PBXHeadersBuildPhase section */
		5C640ABB5ADF62209A6A32D2CF4D1846 /* Headers */ = {
			isa = PBXHeadersBuildPhase;
			buildActionMask = 2147483647;
			files = (
				29DF2BFAD24647370D4B6A458E8969CA /* Pods-uusIlm-umbrella.h in Headers */,
			);
			runOnlyForDeploymentPostprocessing = 0;
		};
		B1594781EB6FF49C9DF1257B4B66320D /* Headers */ = {
			isa = PBXHeadersBuildPhase;
			buildActionMask = 2147483647;
			files = (
				955BA1837CFB07A69941892E3B0065F5 /* SWXMLHash-umbrella.h in Headers */,
			);
			runOnlyForDeploymentPostprocessing = 0;
		};
		B4002B6E97835FDCCAA5963EFE09A3E0 /* Headers */ = {
			isa = PBXHeadersBuildPhase;
			buildActionMask = 2147483647;
			files = (
				1B9EDEDC964E6B08F78920B4F4B9DB84 /* Alamofire-umbrella.h in Headers */,
			);
			runOnlyForDeploymentPostprocessing = 0;
		};
/* End PBXHeadersBuildPhase section */

/* Begin PBXNativeTarget section */
		55B00D478FA0F3312E1CE3C99638813E /* Pods-uusIlm */ = {
			isa = PBXNativeTarget;
			buildConfigurationList = 2C37F556CE4473C333D034B371BB091B /* Build configuration list for PBXNativeTarget "Pods-uusIlm" */;
			buildPhases = (
				CC28CC7EF4DC0C21194DE4D84F569DB1 /* Sources */,
				A7ABBFDD0C536540CBF77FBC0208AAEA /* Frameworks */,
				5C640ABB5ADF62209A6A32D2CF4D1846 /* Headers */,
			);
			buildRules = (
			);
			dependencies = (
				ACE10DEE6B82FA5363CB41E67779CCBD /* PBXTargetDependency */,
				B9F2671B031A4A8929E0E1D906BBFCD3 /* PBXTargetDependency */,
			);
			name = "Pods-uusIlm";
			productName = "Pods-uusIlm";
			productReference = 2DEF2492B03D676EC1107CBB64AD3FA6 /* Pods_uusIlm.framework */;
			productType = "com.apple.product-type.framework";
		};
		64430419CB6DE3417886E1D37850DC0D /* SWXMLHash */ = {
			isa = PBXNativeTarget;
			buildConfigurationList = 8AC59DF329D355D71986C932341FE0D2 /* Build configuration list for PBXNativeTarget "SWXMLHash" */;
			buildPhases = (
				F070BE672B74CFA4C29FE03B2C686E1F /* Sources */,
				30C25E628152A436354561DB2D5FF255 /* Frameworks */,
				B1594781EB6FF49C9DF1257B4B66320D /* Headers */,
			);
			buildRules = (
			);
			dependencies = (
			);
			name = SWXMLHash;
			productName = SWXMLHash;
			productReference = 54F786710FBEFFA899C2130084FAD45B /* SWXMLHash.framework */;
			productType = "com.apple.product-type.framework";
		};
		88E9EC28B8B46C3631E6B242B50F4442 /* Alamofire */ = {
			isa = PBXNativeTarget;
			buildConfigurationList = 419E5D95491847CD79841B971A8A3277 /* Build configuration list for PBXNativeTarget "Alamofire" */;
			buildPhases = (
				32B9974868188C4803318E36329C87FE /* Sources */,
				99195E4207764744AEC07ECCBCD550EB /* Frameworks */,
				B4002B6E97835FDCCAA5963EFE09A3E0 /* Headers */,
			);
			buildRules = (
			);
			dependencies = (
			);
			name = Alamofire;
			productName = Alamofire;
			productReference = A7BB6A731D8C8FD0CA7C87082BDEB476 /* Alamofire.framework */;
			productType = "com.apple.product-type.framework";
		};
/* End PBXNativeTarget section */

/* Begin PBXProject section */
		D41D8CD98F00B204E9800998ECF8427E /* Project object */ = {
			isa = PBXProject;
			attributes = {
				LastSwiftUpdateCheck = 0730;
				LastUpgradeCheck = 0700;
			};
			buildConfigurationList = 2D8E8EC45A3A1A1D94AE762CB5028504 /* Build configuration list for PBXProject "Pods" */;
			compatibilityVersion = "Xcode 3.2";
			developmentRegion = English;
			hasScannedForEncodings = 0;
			knownRegions = (
				en,
			);
			mainGroup = 7DB346D0F39D3F0E887471402A8071AB;
			productRefGroup = C026CE6C055EA688895DB0088454460C /* Products */;
			projectDirPath = "";
			projectRoot = "";
			targets = (
				88E9EC28B8B46C3631E6B242B50F4442 /* Alamofire */,
				55B00D478FA0F3312E1CE3C99638813E /* Pods-uusIlm */,
				64430419CB6DE3417886E1D37850DC0D /* SWXMLHash */,
			);
		};
/* End PBXProject section */

/* Begin PBXSourcesBuildPhase section */
		32B9974868188C4803318E36329C87FE /* Sources */ = {
			isa = PBXSourcesBuildPhase;
			buildActionMask = 2147483647;
			files = (
				9ED2BB2981896E0A39EFA365503F58CE /* AFError.swift in Sources */,
				A9EEEA7477981DEEBC72432DE9990A4B /* Alamofire-dummy.m in Sources */,
				F8B3D3092ED0417E8CDF32033F6122F5 /* Alamofire.swift in Sources */,
				61200D01A1855D7920CEF835C8BE00B0 /* DispatchQueue+Alamofire.swift in Sources */,
				B65FCF589DA398C3EFE0128064E510EC /* MultipartFormData.swift in Sources */,
				A2A6F71B727312BD45CC7A4AAD7B0AB7 /* NetworkReachabilityManager.swift in Sources */,
				EFD264FC408EBF3BA2528E70B08DDD94 /* Notifications.swift in Sources */,
				BE5C67A07E289FE1F9BE27335B159997 /* ParameterEncoding.swift in Sources */,
				5387216E723A3C68E851CA15573CDD71 /* Request.swift in Sources */,
				CB6D60925223897FFA2662667DF83E8A /* Response.swift in Sources */,
				F6BECD98B97CBFEBE2C96F0E9E72A6C0 /* ResponseSerialization.swift in Sources */,
				7D8CC01E8C9EFFF9F4D65406CDE0AB66 /* Result.swift in Sources */,
				62F65AD8DC4F0F9610F4B8B4738EC094 /* ServerTrustPolicy.swift in Sources */,
				7B5FE28C7EA4122B0598738E54DBEBD8 /* SessionDelegate.swift in Sources */,
				AE1EF48399533730D0066E04B22CA2D6 /* SessionManager.swift in Sources */,
				3626B94094672CB1C9DEA32B9F9502E1 /* TaskDelegate.swift in Sources */,
				10EB23E9ECC4B33E16933BB1EA560B6A /* Timeline.swift in Sources */,
				BBEFE2F9CEB73DC7BD97FFA66A0D9D4F /* Validation.swift in Sources */,
			);
			runOnlyForDeploymentPostprocessing = 0;
		};
		CC28CC7EF4DC0C21194DE4D84F569DB1 /* Sources */ = {
			isa = PBXSourcesBuildPhase;
			buildActionMask = 2147483647;
			files = (
				84A17032196D45CCC7B3126EB2EF0548 /* Pods-uusIlm-dummy.m in Sources */,
			);
			runOnlyForDeploymentPostprocessing = 0;
		};
		F070BE672B74CFA4C29FE03B2C686E1F /* Sources */ = {
			isa = PBXSourcesBuildPhase;
			buildActionMask = 2147483647;
			files = (
				DE6E4E32BA1684315D0C26E15D3CA9F0 /* SWXMLHash+TypeConversion.swift in Sources */,
				8D0140F9CC1319984D8A99E932BA4530 /* SWXMLHash-dummy.m in Sources */,
				86987368BFAF711882EE91CB1A4DA3EB /* SWXMLHash.swift in Sources */,
			);
			runOnlyForDeploymentPostprocessing = 0;
		};
/* End PBXSourcesBuildPhase section */

/* Begin PBXTargetDependency section */
		ACE10DEE6B82FA5363CB41E67779CCBD /* PBXTargetDependency */ = {
			isa = PBXTargetDependency;
			name = Alamofire;
			target = 88E9EC28B8B46C3631E6B242B50F4442 /* Alamofire */;
			targetProxy = 85D3D0E95081D3D840B0BB93D9419004 /* PBXContainerItemProxy */;
		};
		B9F2671B031A4A8929E0E1D906BBFCD3 /* PBXTargetDependency */ = {
			isa = PBXTargetDependency;
			name = SWXMLHash;
			target = 64430419CB6DE3417886E1D37850DC0D /* SWXMLHash */;
			targetProxy = 9D540EE3EE306B9A502C507E2F38807C /* PBXContainerItemProxy */;
		};
/* End PBXTargetDependency section */

/* Begin XCBuildConfiguration section */
		0A29B6F510198AF64EFD762EF6FA97A5 /* Release */ = {
			isa = XCBuildConfiguration;
			baseConfigurationReference = FB6941F395ABFCA36FE24FE165D43B21 /* Alamofire.xcconfig */;
			buildSettings = {
				"CODE_SIGN_IDENTITY[sdk=appletvos*]" = "";
				"CODE_SIGN_IDENTITY[sdk=iphoneos*]" = "";
				"CODE_SIGN_IDENTITY[sdk=watchos*]" = "";
				CURRENT_PROJECT_VERSION = 1;
				DEBUG_INFORMATION_FORMAT = "dwarf-with-dsym";
				DEFINES_MODULE = YES;
				DYLIB_COMPATIBILITY_VERSION = 1;
				DYLIB_CURRENT_VERSION = 1;
				DYLIB_INSTALL_NAME_BASE = "@rpath";
				ENABLE_STRICT_OBJC_MSGSEND = YES;
				GCC_NO_COMMON_BLOCKS = YES;
				GCC_PREFIX_HEADER = "Target Support Files/Alamofire/Alamofire-prefix.pch";
				INFOPLIST_FILE = "Target Support Files/Alamofire/Info.plist";
				INSTALL_PATH = "$(LOCAL_LIBRARY_DIR)/Frameworks";
				IPHONEOS_DEPLOYMENT_TARGET = 8.0;
				LD_RUNPATH_SEARCH_PATHS = "$(inherited) @executable_path/Frameworks @loader_path/Frameworks";
				MODULEMAP_FILE = "Target Support Files/Alamofire/Alamofire.modulemap";
				MTL_ENABLE_DEBUG_INFO = NO;
				PRODUCT_NAME = Alamofire;
				SDKROOT = iphoneos;
				SKIP_INSTALL = YES;
				SWIFT_VERSION = 3.0;
				TARGETED_DEVICE_FAMILY = "1,2";
				VERSIONING_SYSTEM = "apple-generic";
				VERSION_INFO_PREFIX = "";
			};
			name = Release;
		};
		1E6AB3CF05E7A711CC7C7C70D14311FC /* Release */ = {
			isa = XCBuildConfiguration;
			baseConfigurationReference = A283DA1AAEF34A8C93265D0B5874382B /* SWXMLHash.xcconfig */;
			buildSettings = {
				"CODE_SIGN_IDENTITY[sdk=appletvos*]" = "";
				"CODE_SIGN_IDENTITY[sdk=iphoneos*]" = "";
				"CODE_SIGN_IDENTITY[sdk=watchos*]" = "";
				CURRENT_PROJECT_VERSION = 1;
				DEBUG_INFORMATION_FORMAT = "dwarf-with-dsym";
				DEFINES_MODULE = YES;
				DYLIB_COMPATIBILITY_VERSION = 1;
				DYLIB_CURRENT_VERSION = 1;
				DYLIB_INSTALL_NAME_BASE = "@rpath";
				ENABLE_STRICT_OBJC_MSGSEND = YES;
				GCC_NO_COMMON_BLOCKS = YES;
				GCC_PREFIX_HEADER = "Target Support Files/SWXMLHash/SWXMLHash-prefix.pch";
				INFOPLIST_FILE = "Target Support Files/SWXMLHash/Info.plist";
				INSTALL_PATH = "$(LOCAL_LIBRARY_DIR)/Frameworks";
				IPHONEOS_DEPLOYMENT_TARGET = 8.0;
				LD_RUNPATH_SEARCH_PATHS = "$(inherited) @executable_path/Frameworks @loader_path/Frameworks";
				MODULEMAP_FILE = "Target Support Files/SWXMLHash/SWXMLHash.modulemap";
				MTL_ENABLE_DEBUG_INFO = NO;
				PRODUCT_NAME = SWXMLHash;
				SDKROOT = iphoneos;
				SKIP_INSTALL = YES;
				SWIFT_VERSION = 3.0;
				TARGETED_DEVICE_FAMILY = "1,2";
				VERSIONING_SYSTEM = "apple-generic";
				VERSION_INFO_PREFIX = "";
			};
			name = Release;
		};
		673254EEAF0B5BF4596080C749645884 /* Release */ = {
			isa = XCBuildConfiguration;
			buildSettings = {
				ALWAYS_SEARCH_USER_PATHS = NO;
				CLANG_ANALYZER_NONNULL = YES;
				CLANG_CXX_LANGUAGE_STANDARD = "gnu++0x";
				CLANG_CXX_LIBRARY = "libc++";
				CLANG_ENABLE_MODULES = YES;
				CLANG_ENABLE_OBJC_ARC = YES;
				CLANG_WARN_BOOL_CONVERSION = YES;
				CLANG_WARN_CONSTANT_CONVERSION = YES;
				CLANG_WARN_DIRECT_OBJC_ISA_USAGE = YES;
				CLANG_WARN_EMPTY_BODY = YES;
				CLANG_WARN_ENUM_CONVERSION = YES;
				CLANG_WARN_INT_CONVERSION = YES;
				CLANG_WARN_OBJC_ROOT_CLASS = YES;
				CLANG_WARN_UNREACHABLE_CODE = YES;
				CLANG_WARN__DUPLICATE_METHOD_MATCH = YES;
				CODE_SIGNING_REQUIRED = NO;
				COPY_PHASE_STRIP = YES;
				ENABLE_NS_ASSERTIONS = NO;
				GCC_C_LANGUAGE_STANDARD = gnu99;
				GCC_PREPROCESSOR_DEFINITIONS = (
					"POD_CONFIGURATION_RELEASE=1",
					"$(inherited)",
				);
				GCC_WARN_64_TO_32_BIT_CONVERSION = YES;
				GCC_WARN_ABOUT_RETURN_TYPE = YES;
				GCC_WARN_UNDECLARED_SELECTOR = YES;
				GCC_WARN_UNINITIALIZED_AUTOS = YES;
				GCC_WARN_UNUSED_FUNCTION = YES;
				GCC_WARN_UNUSED_VARIABLE = YES;
				IPHONEOS_DEPLOYMENT_TARGET = 10.2;
				PROVISIONING_PROFILE_SPECIFIER = NO_SIGNING/;
				STRIP_INSTALLED_PRODUCT = NO;
				SYMROOT = "${SRCROOT}/../build";
				VALIDATE_PRODUCT = YES;
			};
			name = Release;
		};
		AE5024E8DAC5F8FD8DF03D510C150C7B /* Debug */ = {
			isa = XCBuildConfiguration;
			baseConfigurationReference = A696E6729CA2D7EAE2AA0D39D7C4139C /* Pods-uusIlm.debug.xcconfig */;
			buildSettings = {
				"CODE_SIGN_IDENTITY[sdk=appletvos*]" = "";
				"CODE_SIGN_IDENTITY[sdk=iphoneos*]" = "";
				"CODE_SIGN_IDENTITY[sdk=watchos*]" = "";
				CURRENT_PROJECT_VERSION = 1;
				DEBUG_INFORMATION_FORMAT = dwarf;
				DEFINES_MODULE = YES;
				DYLIB_COMPATIBILITY_VERSION = 1;
				DYLIB_CURRENT_VERSION = 1;
				DYLIB_INSTALL_NAME_BASE = "@rpath";
				ENABLE_STRICT_OBJC_MSGSEND = YES;
				GCC_NO_COMMON_BLOCKS = YES;
				INFOPLIST_FILE = "Target Support Files/Pods-uusIlm/Info.plist";
				INSTALL_PATH = "$(LOCAL_LIBRARY_DIR)/Frameworks";
				IPHONEOS_DEPLOYMENT_TARGET = 10.2;
				LD_RUNPATH_SEARCH_PATHS = "$(inherited) @executable_path/Frameworks @loader_path/Frameworks";
				MACH_O_TYPE = staticlib;
				MODULEMAP_FILE = "Target Support Files/Pods-uusIlm/Pods-uusIlm.modulemap";
				MTL_ENABLE_DEBUG_INFO = YES;
				OTHER_LDFLAGS = "";
				OTHER_LIBTOOLFLAGS = "";
				PODS_ROOT = "$(SRCROOT)";
				PRODUCT_BUNDLE_IDENTIFIER = "org.cocoapods.${PRODUCT_NAME:rfc1034identifier}";
				PRODUCT_NAME = Pods_uusIlm;
				SDKROOT = iphoneos;
				SKIP_INSTALL = YES;
				SWIFT_OPTIMIZATION_LEVEL = "-Onone";
				TARGETED_DEVICE_FAMILY = "1,2";
				VERSIONING_SYSTEM = "apple-generic";
				VERSION_INFO_PREFIX = "";
			};
			name = Debug;
		};
		CE086C44B2AFE0B2DAA672BF37620C39 /* Release */ = {
			isa = XCBuildConfiguration;
			baseConfigurationReference = C80C50B90256B4CA959EF6A77088DCAC /* Pods-uusIlm.release.xcconfig */;
			buildSettings = {
				"CODE_SIGN_IDENTITY[sdk=appletvos*]" = "";
				"CODE_SIGN_IDENTITY[sdk=iphoneos*]" = "";
				"CODE_SIGN_IDENTITY[sdk=watchos*]" = "";
				CURRENT_PROJECT_VERSION = 1;
				DEBUG_INFORMATION_FORMAT = "dwarf-with-dsym";
				DEFINES_MODULE = YES;
				DYLIB_COMPATIBILITY_VERSION = 1;
				DYLIB_CURRENT_VERSION = 1;
				DYLIB_INSTALL_NAME_BASE = "@rpath";
				ENABLE_STRICT_OBJC_MSGSEND = YES;
				GCC_NO_COMMON_BLOCKS = YES;
				INFOPLIST_FILE = "Target Support Files/Pods-uusIlm/Info.plist";
				INSTALL_PATH = "$(LOCAL_LIBRARY_DIR)/Frameworks";
				IPHONEOS_DEPLOYMENT_TARGET = 10.2;
				LD_RUNPATH_SEARCH_PATHS = "$(inherited) @executable_path/Frameworks @loader_path/Frameworks";
				MACH_O_TYPE = staticlib;
				MODULEMAP_FILE = "Target Support Files/Pods-uusIlm/Pods-uusIlm.modulemap";
				MTL_ENABLE_DEBUG_INFO = NO;
				OTHER_LDFLAGS = "";
				OTHER_LIBTOOLFLAGS = "";
				PODS_ROOT = "$(SRCROOT)";
				PRODUCT_BUNDLE_IDENTIFIER = "org.cocoapods.${PRODUCT_NAME:rfc1034identifier}";
				PRODUCT_NAME = Pods_uusIlm;
				SDKROOT = iphoneos;
				SKIP_INSTALL = YES;
				TARGETED_DEVICE_FAMILY = "1,2";
				VERSIONING_SYSTEM = "apple-generic";
				VERSION_INFO_PREFIX = "";
			};
			name = Release;
		};
		E4F26E6EB105713A6A7E7E2E283AC2DF /* Debug */ = {
			isa = XCBuildConfiguration;
			buildSettings = {
				ALWAYS_SEARCH_USER_PATHS = NO;
				CLANG_ANALYZER_NONNULL = YES;
				CLANG_CXX_LANGUAGE_STANDARD = "gnu++0x";
				CLANG_CXX_LIBRARY = "libc++";
				CLANG_ENABLE_MODULES = YES;
				CLANG_ENABLE_OBJC_ARC = YES;
				CLANG_WARN_BOOL_CONVERSION = YES;
				CLANG_WARN_CONSTANT_CONVERSION = YES;
				CLANG_WARN_DIRECT_OBJC_ISA_USAGE = YES;
				CLANG_WARN_EMPTY_BODY = YES;
				CLANG_WARN_ENUM_CONVERSION = YES;
				CLANG_WARN_INT_CONVERSION = YES;
				CLANG_WARN_OBJC_ROOT_CLASS = YES;
				CLANG_WARN_UNREACHABLE_CODE = YES;
				CLANG_WARN__DUPLICATE_METHOD_MATCH = YES;
				CODE_SIGNING_REQUIRED = NO;
				COPY_PHASE_STRIP = NO;
				ENABLE_TESTABILITY = YES;
				GCC_C_LANGUAGE_STANDARD = gnu99;
				GCC_DYNAMIC_NO_PIC = NO;
				GCC_OPTIMIZATION_LEVEL = 0;
				GCC_PREPROCESSOR_DEFINITIONS = (
					"POD_CONFIGURATION_DEBUG=1",
					"DEBUG=1",
					"$(inherited)",
				);
				GCC_SYMBOLS_PRIVATE_EXTERN = NO;
				GCC_WARN_64_TO_32_BIT_CONVERSION = YES;
				GCC_WARN_ABOUT_RETURN_TYPE = YES;
				GCC_WARN_UNDECLARED_SELECTOR = YES;
				GCC_WARN_UNINITIALIZED_AUTOS = YES;
				GCC_WARN_UNUSED_FUNCTION = YES;
				GCC_WARN_UNUSED_VARIABLE = YES;
				IPHONEOS_DEPLOYMENT_TARGET = 10.2;
				ONLY_ACTIVE_ARCH = YES;
				PROVISIONING_PROFILE_SPECIFIER = NO_SIGNING/;
				STRIP_INSTALLED_PRODUCT = NO;
				SYMROOT = "${SRCROOT}/../build";
			};
			name = Debug;
		};
		E86E167BA84510C688918DE48FEE9982 /* Debug */ = {
			isa = XCBuildConfiguration;
			baseConfigurationReference = A283DA1AAEF34A8C93265D0B5874382B /* SWXMLHash.xcconfig */;
			buildSettings = {
				"CODE_SIGN_IDENTITY[sdk=appletvos*]" = "";
				"CODE_SIGN_IDENTITY[sdk=iphoneos*]" = "";
				"CODE_SIGN_IDENTITY[sdk=watchos*]" = "";
				CURRENT_PROJECT_VERSION = 1;
				DEBUG_INFORMATION_FORMAT = dwarf;
				DEFINES_MODULE = YES;
				DYLIB_COMPATIBILITY_VERSION = 1;
				DYLIB_CURRENT_VERSION = 1;
				DYLIB_INSTALL_NAME_BASE = "@rpath";
				ENABLE_STRICT_OBJC_MSGSEND = YES;
				GCC_NO_COMMON_BLOCKS = YES;
				GCC_PREFIX_HEADER = "Target Support Files/SWXMLHash/SWXMLHash-prefix.pch";
				INFOPLIST_FILE = "Target Support Files/SWXMLHash/Info.plist";
				INSTALL_PATH = "$(LOCAL_LIBRARY_DIR)/Frameworks";
				IPHONEOS_DEPLOYMENT_TARGET = 8.0;
				LD_RUNPATH_SEARCH_PATHS = "$(inherited) @executable_path/Frameworks @loader_path/Frameworks";
				MODULEMAP_FILE = "Target Support Files/SWXMLHash/SWXMLHash.modulemap";
				MTL_ENABLE_DEBUG_INFO = YES;
				PRODUCT_NAME = SWXMLHash;
				SDKROOT = iphoneos;
				SKIP_INSTALL = YES;
				SWIFT_OPTIMIZATION_LEVEL = "-Onone";
				SWIFT_VERSION = 3.0;
				TARGETED_DEVICE_FAMILY = "1,2";
				VERSIONING_SYSTEM = "apple-generic";
				VERSION_INFO_PREFIX = "";
			};
			name = Debug;
		};
		F383079BFBF927813EA3613CFB679FDE /* Debug */ = {
			isa = XCBuildConfiguration;
			baseConfigurationReference = FB6941F395ABFCA36FE24FE165D43B21 /* Alamofire.xcconfig */;
			buildSettings = {
				"CODE_SIGN_IDENTITY[sdk=appletvos*]" = "";
				"CODE_SIGN_IDENTITY[sdk=iphoneos*]" = "";
				"CODE_SIGN_IDENTITY[sdk=watchos*]" = "";
				CURRENT_PROJECT_VERSION = 1;
				DEBUG_INFORMATION_FORMAT = dwarf;
				DEFINES_MODULE = YES;
				DYLIB_COMPATIBILITY_VERSION = 1;
				DYLIB_CURRENT_VERSION = 1;
				DYLIB_INSTALL_NAME_BASE = "@rpath";
				ENABLE_STRICT_OBJC_MSGSEND = YES;
				GCC_NO_COMMON_BLOCKS = YES;
				GCC_PREFIX_HEADER = "Target Support Files/Alamofire/Alamofire-prefix.pch";
				INFOPLIST_FILE = "Target Support Files/Alamofire/Info.plist";
				INSTALL_PATH = "$(LOCAL_LIBRARY_DIR)/Frameworks";
				IPHONEOS_DEPLOYMENT_TARGET = 8.0;
				LD_RUNPATH_SEARCH_PATHS = "$(inherited) @executable_path/Frameworks @loader_path/Frameworks";
				MODULEMAP_FILE = "Target Support Files/Alamofire/Alamofire.modulemap";
				MTL_ENABLE_DEBUG_INFO = YES;
				PRODUCT_NAME = Alamofire;
				SDKROOT = iphoneos;
				SKIP_INSTALL = YES;
				SWIFT_OPTIMIZATION_LEVEL = "-Onone";
				SWIFT_VERSION = 3.0;
				TARGETED_DEVICE_FAMILY = "1,2";
				VERSIONING_SYSTEM = "apple-generic";
				VERSION_INFO_PREFIX = "";
			};
			name = Debug;
		};
/* End XCBuildConfiguration section */

/* Begin XCConfigurationList section */
		2C37F556CE4473C333D034B371BB091B /* Build configuration list for PBXNativeTarget "Pods-uusIlm" */ = {
			isa = XCConfigurationList;
			buildConfigurations = (
				AE5024E8DAC5F8FD8DF03D510C150C7B /* Debug */,
				CE086C44B2AFE0B2DAA672BF37620C39 /* Release */,
			);
			defaultConfigurationIsVisible = 0;
			defaultConfigurationName = Release;
		};
		2D8E8EC45A3A1A1D94AE762CB5028504 /* Build configuration list for PBXProject "Pods" */ = {
			isa = XCConfigurationList;
			buildConfigurations = (
				E4F26E6EB105713A6A7E7E2E283AC2DF /* Debug */,
				673254EEAF0B5BF4596080C749645884 /* Release */,
			);
			defaultConfigurationIsVisible = 0;
			defaultConfigurationName = Release;
		};
		419E5D95491847CD79841B971A8A3277 /* Build configuration list for PBXNativeTarget "Alamofire" */ = {
			isa = XCConfigurationList;
			buildConfigurations = (
				F383079BFBF927813EA3613CFB679FDE /* Debug */,
				0A29B6F510198AF64EFD762EF6FA97A5 /* Release */,
			);
			defaultConfigurationIsVisible = 0;
			defaultConfigurationName = Release;
		};
		8AC59DF329D355D71986C932341FE0D2 /* Build configuration list for PBXNativeTarget "SWXMLHash" */ = {
			isa = XCConfigurationList;
			buildConfigurations = (
				E86E167BA84510C688918DE48FEE9982 /* Debug */,
				1E6AB3CF05E7A711CC7C7C70D14311FC /* Release */,
			);
			defaultConfigurationIsVisible = 0;
			defaultConfigurationName = Release;
		};
/* End XCConfigurationList section */
	};
	rootObject = D41D8CD98F00B204E9800998ECF8427E /* Project object */;
}
